// !$*UTF8*$!
{
	archiveVersion = 1;
	classes = {
	};
	objectVersion = 77;
	objects = {

/* Begin PBXBuildFile section */
		054606C8C278AD20251A8DE3 /* MLXLLM in Frameworks */ = {isa = PBXBuildFile; productRef = 096DFC38282AE7CC1CBC47D0 /* MLXLLM */; };
		0958C14A15754DABA9706146 /* MLXVLM in Frameworks */ = {isa = PBXBuildFile; productRef = F0F32833168AC421BAFF1301 /* MLXVLM */; };
		173B500E616CE0C8720732B4 /* MLXLMCommon in Frameworks */ = {isa = PBXBuildFile; productRef = 035AB236448800F41072CFF7 /* MLXLMCommon */; };
		36F3CC4A934A927DB446262C /* MLXLMCommon in Frameworks */ = {isa = PBXBuildFile; productRef = A75FE0F413B83C5653A358FA /* MLXLMCommon */; };
		5A799E3027157C932A64382B /* MLXLMCommon in Frameworks */ = {isa = PBXBuildFile; productRef = 89508E8A4241F3F06F767D32 /* MLXLMCommon */; };
		640890F52F9AC8C400BCB53E /* WhisperKit in Frameworks */ = {isa = PBXBuildFile; productRef = 640890F42F9AC8C400BCB53E /* WhisperKit */; };
		640890F62F9AC8C400BCB53E /* WhisperKit in Frameworks */ = {isa = PBXBuildFile; productRef = 640890F42F9AC8C400BCB53E /* WhisperKit */; };
		640891002F9AD40000BCB53E /* whisper in Frameworks */ = {isa = PBXBuildFile; productRef = 640890FF2F9AD40000BCB53E /* whisper */; };
		64431EBB2E5E2F5E00BD5E8C /* SwiftMath in Frameworks */ = {isa = PBXBuildFile; productRef = 64431EBA2E5E2F5E00BD5E8C /* SwiftMath */; };
		646E49E42E8EDF51004C5BD8 /* MLXRandom in Frameworks */ = {isa = PBXBuildFile; productRef = 646E49D32E8EDF51004C5BD8 /* MLXRandom */; };
		646E49E52E8EDF51004C5BD8 /* MLXOptimizers in Frameworks */ = {isa = PBXBuildFile; productRef = 646E49D22E8EDF51004C5BD8 /* MLXOptimizers */; };
		646E49E62E8EDF51004C5BD8 /* MLXNN in Frameworks */ = {isa = PBXBuildFile; productRef = 646E49D12E8EDF51004C5BD8 /* MLXNN */; };
		646E49E72E8EDF51004C5BD8 /* MLXLinalg in Frameworks */ = {isa = PBXBuildFile; productRef = 646E49D02E8EDF51004C5BD8 /* MLXLinalg */; };
		646E49E92E8EDF51004C5BD8 /* MLXFast in Frameworks */ = {isa = PBXBuildFile; productRef = 646E49CF2E8EDF51004C5BD8 /* MLXFast */; };
		646E49ED2E8EDF51004C5BD8 /* MLXFFT in Frameworks */ = {isa = PBXBuildFile; productRef = 646E49CE2E8EDF51004C5BD8 /* MLXFFT */; };
		646E49EE2E8EDF51004C5BD8 /* MLX in Frameworks */ = {isa = PBXBuildFile; productRef = 646E49CC2E8EDF51004C5BD8 /* MLX */; };
		646E49EF2E8EDF51004C5BD8 /* Metal.framework in Frameworks */ = {isa = PBXBuildFile; fileRef = 64ABE8E02E494DCE00821D00 /* Metal.framework */; };
		646E49F02E8EDF51004C5BD8 /* MetalKit.framework in Frameworks */ = {isa = PBXBuildFile; fileRef = 64ABE8E12E494DCE00821D00 /* MetalKit.framework */; };
		646E49F12E8EDF51004C5BD8 /* Accelerate.framework in Frameworks */ = {isa = PBXBuildFile; fileRef = 64ABE8DE2E494DC600821D00 /* Accelerate.framework */; };
		646E49F22E8EDF51004C5BD8 /* CryptoKit.framework in Frameworks */ = {isa = PBXBuildFile; fileRef = 64D5069D2E53BFB30022E586 /* CryptoKit.framework */; };
		646E49F32E8EDF51004C5BD8 /* NoemaPackages in Frameworks */ = {isa = PBXBuildFile; productRef = 646E49D42E8EDF51004C5BD8 /* NoemaPackages */; };
		646E49F42E8EDF51004C5BD8 /* SwiftMath in Frameworks */ = {isa = PBXBuildFile; productRef = 646E49DB2E8EDF51004C5BD8 /* SwiftMath */; };
		647D61A82E955AEA003DC7F3 /* MLXRandom in Frameworks */ = {isa = PBXBuildFile; productRef = 647D61952E955AEA003DC7F3 /* MLXRandom */; };
		647D61A92E955AEA003DC7F3 /* MLXOptimizers in Frameworks */ = {isa = PBXBuildFile; productRef = 647D61942E955AEA003DC7F3 /* MLXOptimizers */; };
		647D61AA2E955AEA003DC7F3 /* MLXNN in Frameworks */ = {isa = PBXBuildFile; productRef = 647D61932E955AEA003DC7F3 /* MLXNN */; };
		647D61AB2E955AEA003DC7F3 /* MLXLinalg in Frameworks */ = {isa = PBXBuildFile; productRef = 647D61922E955AEA003DC7F3 /* MLXLinalg */; };
		647D61AD2E955AEA003DC7F3 /* MLXFast in Frameworks */ = {isa = PBXBuildFile; productRef = 647D61912E955AEA003DC7F3 /* MLXFast */; };
		647D61B22E955AEA003DC7F3 /* MLXFFT in Frameworks */ = {isa = PBXBuildFile; productRef = 647D61902E955AEA003DC7F3 /* MLXFFT */; };
		647D61B32E955AEA003DC7F3 /* MLX in Frameworks */ = {isa = PBXBuildFile; productRef = 647D618E2E955AEA003DC7F3 /* MLX */; };
		647D61B42E955AEA003DC7F3 /* Metal.framework in Frameworks */ = {isa = PBXBuildFile; fileRef = 64ABE8E02E494DCE00821D00 /* Metal.framework */; };
		647D61B52E955AEA003DC7F3 /* MetalKit.framework in Frameworks */ = {isa = PBXBuildFile; fileRef = 64ABE8E12E494DCE00821D00 /* MetalKit.framework */; };
		647D61B62E955AEA003DC7F3 /* Accelerate.framework in Frameworks */ = {isa = PBXBuildFile; fileRef = 64ABE8DE2E494DC600821D00 /* Accelerate.framework */; };
		647D61B72E955AEA003DC7F3 /* CryptoKit.framework in Frameworks */ = {isa = PBXBuildFile; fileRef = 64D5069D2E53BFB30022E586 /* CryptoKit.framework */; };
		647D61B82E955AEA003DC7F3 /* NoemaPackages in Frameworks */ = {isa = PBXBuildFile; productRef = 647D61962E955AEA003DC7F3 /* NoemaPackages */; };
		647D61B92E955AEA003DC7F3 /* SwiftMath in Frameworks */ = {isa = PBXBuildFile; productRef = 647D619D2E955AEA003DC7F3 /* SwiftMath */; };
		64ABE8DF2E494DC700821D00 /* Accelerate.framework in Frameworks */ = {isa = PBXBuildFile; fileRef = 64ABE8DE2E494DC600821D00 /* Accelerate.framework */; };
		64ABE8E22E494DCE00821D00 /* Metal.framework in Frameworks */ = {isa = PBXBuildFile; fileRef = 64ABE8E02E494DCE00821D00 /* Metal.framework */; };
		64ABE8E32E494DCE00821D00 /* MetalKit.framework in Frameworks */ = {isa = PBXBuildFile; fileRef = 64ABE8E12E494DCE00821D00 /* MetalKit.framework */; };
		64D5069E2E53BFB30022E586 /* CryptoKit.framework in Frameworks */ = {isa = PBXBuildFile; fileRef = 64D5069D2E53BFB30022E586 /* CryptoKit.framework */; };
		64E1C0012FA0000000000001 /* CoreAILM in Frameworks */ = {isa = PBXBuildFile; productRef = 64E1C0022FA0000000000001 /* CoreAILM */; };
		64EA10022F42000000000002 /* NoemaEmbeddingActivity.appex in Embed Foundation Extensions */ = {isa = PBXBuildFile; fileRef = 64EA10012F42000000000001 /* NoemaEmbeddingActivity.appex */; settings = {ATTRIBUTES = (RemoveHeadersOnCopy, ); }; };
		64EA100D2F4200000000000D /* WidgetKit.framework in Frameworks */ = {isa = PBXBuildFile; fileRef = 644183FF2E4CE8AD00C5E265 /* WidgetKit.framework */; };
		64EA100E2F4200000000000E /* SwiftUI.framework in Frameworks */ = {isa = PBXBuildFile; fileRef = 644184012E4CE8AD00C5E265 /* SwiftUI.framework */; };
		64F1A0B92F00000000000001 /* RelayKit in Frameworks */ = {isa = PBXBuildFile; productRef = 64F1A0B82F00000000000000 /* RelayKit */; };
		64F1A0BA2F00000000000001 /* RelayKit in Frameworks */ = {isa = PBXBuildFile; productRef = 64F1A0B82F00000000000000 /* RelayKit */; };
		64F1A0BB2F00000000000001 /* RelayKit in Frameworks */ = {isa = PBXBuildFile; productRef = 64F1A0B82F00000000000000 /* RelayKit */; };
		6A5D1F062F35A00000A10001 /* Tokenizers in Frameworks */ = {isa = PBXBuildFile; productRef = 6A5D1F022F35A00000A10001 /* Tokenizers */; };
		6A5D1F072F35A00000A10001 /* Transformers in Frameworks */ = {isa = PBXBuildFile; productRef = 6A5D1F032F35A00000A10001 /* Transformers */; };
		6A5D1F082F35A00000A10001 /* Tokenizers in Frameworks */ = {isa = PBXBuildFile; productRef = 6A5D1F042F35A00000A10001 /* Tokenizers */; };
		6A5D1F092F35A00000A10001 /* Transformers in Frameworks */ = {isa = PBXBuildFile; productRef = 6A5D1F052F35A00000A10001 /* Transformers */; };
		761B93CC43210A77C5F2C3EF /* MLXVLM in Frameworks */ = {isa = PBXBuildFile; productRef = 9671064702E2AE64A359AADF /* MLXVLM */; };
		7BF8CC40DD072A43B16A07C2 /* MLXVLM in Frameworks */ = {isa = PBXBuildFile; productRef = 417AB310C4DB5F8DFE71956C /* MLXVLM */; };
		88B93A66A8F06F7EAA21C91A /* MLXLLM in Frameworks */ = {isa = PBXBuildFile; productRef = B6CF4E9B49381B893090A7F0 /* MLXLLM */; };
		A10000012F40000100000011 /* Frameworks/Python-iOS.xcframework in Frameworks */ = {isa = PBXBuildFile; fileRef = A10000012F40000100000001 /* Frameworks/Python-iOS.xcframework */; };
		A10000012F40000100000012 /* Frameworks/Python-visionOS.xcframework in Frameworks */ = {isa = PBXBuildFile; fileRef = A10000012F40000100000002 /* Frameworks/Python-visionOS.xcframework */; };
		A10000012F40000100000013 /* Frameworks/Python-macOS.xcframework in Frameworks */ = {isa = PBXBuildFile; fileRef = A10000012F40000100000003 /* Frameworks/Python-macOS.xcframework */; };
		A10000012F40000100000021 /* Frameworks/Python-iOS.xcframework in Embed Python Frameworks */ = {isa = PBXBuildFile; fileRef = A10000012F40000100000001 /* Frameworks/Python-iOS.xcframework */; settings = {ATTRIBUTES = (CodeSignOnCopy, RemoveHeadersOnCopy, ); }; };
		A10000012F40000100000022 /* Frameworks/Python-visionOS.xcframework in Embed Python Frameworks */ = {isa = PBXBuildFile; fileRef = A10000012F40000100000002 /* Frameworks/Python-visionOS.xcframework */; settings = {ATTRIBUTES = (CodeSignOnCopy, RemoveHeadersOnCopy, ); }; };
		A10000012F40000100000023 /* Frameworks/Python-macOS.xcframework in Embed Python Frameworks */ = {isa = PBXBuildFile; fileRef = A10000012F40000100000003 /* Frameworks/Python-macOS.xcframework */; settings = {ATTRIBUTES = (CodeSignOnCopy, RemoveHeadersOnCopy, ); }; };
		A8259F0A2A424CF1B4856CCF /* NoemaPackages in Frameworks */ = {isa = PBXBuildFile; productRef = 21FF187598A740D3901EFE90 /* NoemaPackages */; };
		BFDB12BA4EAF40FB69496641 /* MLXLLM in Frameworks */ = {isa = PBXBuildFile; productRef = 06EF816A0080BF19C8D0E0E4 /* MLXLLM */; };
/* End PBXBuildFile section */

/* Begin PBXContainerItemProxy section */
		642CDB482E231968009017C6 /* PBXContainerItemProxy */ = {
			isa = PBXContainerItemProxy;
			containerPortal = 642CDB2D2E231965009017C6 /* Project object */;
			proxyType = 1;
			remoteGlobalIDString = 642CDB342E231965009017C6;
			remoteInfo = Noema;
		};
		642CDB522E231968009017C6 /* PBXContainerItemProxy */ = {
			isa = PBXContainerItemProxy;
			containerPortal = 642CDB2D2E231965009017C6 /* Project object */;
			proxyType = 1;
			remoteGlobalIDString = 647D618D2E955AEA003DC7F3;
			remoteInfo = NoemaMac;
		};
		64EA10032F42000000000003 /* PBXContainerItemProxy */ = {
			isa = PBXContainerItemProxy;
			containerPortal = 642CDB2D2E231965009017C6 /* Project object */;
			proxyType = 1;
			remoteGlobalIDString = 64EA10082F42000000000008;
			remoteInfo = NoemaEmbeddingActivity;
		};
		A20000012F41000100000001 /* PBXContainerItemProxy */ = {
			isa = PBXContainerItemProxy;
			containerPortal = 642CDB2D2E231965009017C6 /* Project object */;
			proxyType = 1;
			remoteGlobalIDString = 642CDB342E231965009017C6;
			remoteInfo = Noema;
		};
/* End PBXContainerItemProxy section */

/* Begin PBXCopyFilesBuildPhase section */
		644184182E4CE8AF00C5E265 /* Embed Foundation Extensions */ = {
			isa = PBXCopyFilesBuildPhase;
			buildActionMask = 2147483647;
			dstPath = "";
			dstSubfolderSpec = 13;
			files = (
				64EA10022F42000000000002 /* NoemaEmbeddingActivity.appex in Embed Foundation Extensions */,
			);
			name = "Embed Foundation Extensions";
			runOnlyForDeploymentPostprocessing = 0;
		};
		646E49F62E8EDF51004C5BD8 /* Embed Foundation Extensions */ = {
			isa = PBXCopyFilesBuildPhase;
			buildActionMask = 2147483647;
			dstPath = "";
			dstSubfolderSpec = 13;
			files = (
			);
			name = "Embed Foundation Extensions";
			runOnlyForDeploymentPostprocessing = 0;
		};
		647D61BB2E955AEA003DC7F3 /* Embed Foundation Extensions */ = {
			isa = PBXCopyFilesBuildPhase;
			buildActionMask = 2147483647;
			dstPath = "";
			dstSubfolderSpec = 13;
			files = (
			);
			name = "Embed Foundation Extensions";
			runOnlyForDeploymentPostprocessing = 0;
		};
		A10000012F40000100000031 /* Embed Python Frameworks */ = {
			isa = PBXCopyFilesBuildPhase;
			buildActionMask = 2147483647;
			dstPath = "";
			dstSubfolderSpec = 10;
			files = (
				A10000012F40000100000021 /* Frameworks/Python-iOS.xcframework in Embed Python Frameworks */,
			);
			name = "Embed Python Frameworks";
			runOnlyForDeploymentPostprocessing = 0;
		};
		A10000012F40000100000032 /* Embed Python Frameworks */ = {
			isa = PBXCopyFilesBuildPhase;
			buildActionMask = 2147483647;
			dstPath = "";
			dstSubfolderSpec = 10;
			files = (
				A10000012F40000100000022 /* Frameworks/Python-visionOS.xcframework in Embed Python Frameworks */,
			);
			name = "Embed Python Frameworks";
			runOnlyForDeploymentPostprocessing = 0;
		};
		A10000012F40000100000033 /* Embed Python Frameworks */ = {
			isa = PBXCopyFilesBuildPhase;
			buildActionMask = 2147483647;
			dstPath = "";
			dstSubfolderSpec = 10;
			files = (
				A10000012F40000100000023 /* Frameworks/Python-macOS.xcframework in Embed Python Frameworks */,
			);
			name = "Embed Python Frameworks";
			runOnlyForDeploymentPostprocessing = 0;
		};
/* End PBXCopyFilesBuildPhase section */

/* Begin PBXFileReference section */
		642CDB352E231965009017C6 /* Noema.app */ = {isa = PBXFileReference; explicitFileType = wrapper.application; includeInIndex = 0; path = Noema.app; sourceTree = BUILT_PRODUCTS_DIR; };
		642CDB472E231968009017C6 /* NoemaTests.xctest */ = {isa = PBXFileReference; explicitFileType = wrapper.cfbundle; includeInIndex = 0; path = NoemaTests.xctest; sourceTree = BUILT_PRODUCTS_DIR; };
		642CDB512E231968009017C6 /* NoemaUITests.xctest */ = {isa = PBXFileReference; explicitFileType = wrapper.cfbundle; includeInIndex = 0; path = NoemaUITests.xctest; sourceTree = BUILT_PRODUCTS_DIR; };
		643392BC2E5E228B004C2269 /* Foundation.framework */ = {isa = PBXFileReference; lastKnownFileType = wrapper.framework; name = Foundation.framework; path = System/Library/Frameworks/Foundation.framework; sourceTree = SDKROOT; };
		643392BE2E5E229E004C2269 /* CoreText.framework */ = {isa = PBXFileReference; lastKnownFileType = wrapper.framework; name = CoreText.framework; path = System/Library/Frameworks/CoreText.framework; sourceTree = SDKROOT; };
		643392C02E5E22A4004C2269 /* CoreGraphics.framework */ = {isa = PBXFileReference; lastKnownFileType = wrapper.framework; name = CoreGraphics.framework; path = System/Library/Frameworks/CoreGraphics.framework; sourceTree = SDKROOT; };
		643392C22E5E22AE004C2269 /* QuartzCore.framework */ = {isa = PBXFileReference; lastKnownFileType = wrapper.framework; name = QuartzCore.framework; path = System/Library/Frameworks/QuartzCore.framework; sourceTree = SDKROOT; };
		643392C42E5E22BB004C2269 /* UIKit.framework */ = {isa = PBXFileReference; lastKnownFileType = wrapper.framework; name = UIKit.framework; path = System/Library/Frameworks/UIKit.framework; sourceTree = SDKROOT; };
		644183FF2E4CE8AD00C5E265 /* WidgetKit.framework */ = {isa = PBXFileReference; lastKnownFileType = wrapper.framework; name = WidgetKit.framework; path = System/Library/Frameworks/WidgetKit.framework; sourceTree = SDKROOT; };
		644184012E4CE8AD00C5E265 /* SwiftUI.framework */ = {isa = PBXFileReference; lastKnownFileType = wrapper.framework; name = SwiftUI.framework; path = System/Library/Frameworks/SwiftUI.framework; sourceTree = SDKROOT; };
		646E49FA2E8EDF51004C5BD8 /* Noema.app */ = {isa = PBXFileReference; explicitFileType = wrapper.application; includeInIndex = 0; path = Noema.app; sourceTree = BUILT_PRODUCTS_DIR; };
		646E49FB2E8EDF51004C5BD8 /* Noema copy-Info.plist */ = {isa = PBXFileReference; lastKnownFileType = text.plist.xml; name = "Noema copy-Info.plist"; path = "/Users/arminstamate/Desktop/untitled folder 3/untitled folder/Noema/Noema/Noema copy-Info.plist"; sourceTree = "<absolute>"; };
		647D61BF2E955AEA003DC7F3 /* Noema.app */ = {isa = PBXFileReference; explicitFileType = wrapper.application; includeInIndex = 0; path = Noema.app; sourceTree = BUILT_PRODUCTS_DIR; };
		647D61C02E955AEA003DC7F3 /* Noema copy2-Info.plist */ = {isa = PBXFileReference; lastKnownFileType = text.plist.xml; name = "Noema copy2-Info.plist"; path = "/Users/arminstamate/Desktop/untitled folder 3/untitled folder/Noema/Noema/Noema copy2-Info.plist"; sourceTree = "<absolute>"; };
		64ABE8DE2E494DC600821D00 /* Accelerate.framework */ = {isa = PBXFileReference; lastKnownFileType = wrapper.framework; name = Accelerate.framework; path = System/Library/Frameworks/Accelerate.framework; sourceTree = SDKROOT; };
		64ABE8E02E494DCE00821D00 /* Metal.framework */ = {isa = PBXFileReference; lastKnownFileType = wrapper.framework; name = Metal.framework; path = System/Library/Frameworks/Metal.framework; sourceTree = SDKROOT; };
		64ABE8E12E494DCE00821D00 /* MetalKit.framework */ = {isa = PBXFileReference; lastKnownFileType = wrapper.framework; name = MetalKit.framework; path = System/Library/Frameworks/MetalKit.framework; sourceTree = SDKROOT; };
		64D5069D2E53BFB30022E586 /* CryptoKit.framework */ = {isa = PBXFileReference; lastKnownFileType = wrapper.framework; name = CryptoKit.framework; path = System/Library/Frameworks/CryptoKit.framework; sourceTree = SDKROOT; };
		64EA10012F42000000000001 /* NoemaEmbeddingActivity.appex */ = {isa = PBXFileReference; explicitFileType = "wrapper.app-extension"; includeInIndex = 0; path = NoemaEmbeddingActivity.appex; sourceTree = BUILT_PRODUCTS_DIR; };
		A10000012F40000100000001 /* Frameworks/Python-iOS.xcframework */ = {isa = PBXFileReference; lastKnownFileType = wrapper.xcframework; path = "Frameworks/Python-iOS.xcframework"; sourceTree = SOURCE_ROOT; };
		A10000012F40000100000002 /* Frameworks/Python-visionOS.xcframework */ = {isa = PBXFileReference; lastKnownFileType = wrapper.xcframework; path = "Frameworks/Python-visionOS.xcframework"; sourceTree = SOURCE_ROOT; };
		A10000012F40000100000003 /* Frameworks/Python-macOS.xcframework */ = {isa = PBXFileReference; lastKnownFileType = wrapper.xcframework; path = "Frameworks/Python-macOS.xcframework"; sourceTree = SOURCE_ROOT; };
		A20000012F41000100000002 /* NoemaiOSUITests.xctest */ = {isa = PBXFileReference; explicitFileType = wrapper.cfbundle; includeInIndex = 0; path = NoemaiOSUITests.xctest; sourceTree = BUILT_PRODUCTS_DIR; };
/* End PBXFileReference section */

/* Begin PBXFileSystemSynchronizedBuildFileExceptionSet section */
		646E49FC2E8EDF51004C5BD8 /* Exceptions for "Noema" folder in "NoemaVisionOS" target */ = {
			isa = PBXFileSystemSynchronizedBuildFileExceptionSet;
			membershipExceptions = (
				Info.plist,
				Noema.xcdatamodeld,
			);
			target = 646E49CB2E8EDF51004C5BD8 /* NoemaVisionOS */;
		};
		647D61C12E955AEA003DC7F3 /* Exceptions for "Noema" folder in "NoemaMac" target */ = {
			isa = PBXFileSystemSynchronizedBuildFileExceptionSet;
			membershipExceptions = (
				Info.plist,
				Noema.xcdatamodeld,
				Resources/leap_catalog.json,
				"Resources/markdown-it.min.js",
			);
			target = 647D618D2E955AEA003DC7F3 /* NoemaMac */;
		};
		64AE28E52E771B0D00DEDA56 /* Exceptions for "Noema" folder in "Noema" target */ = {
			isa = PBXFileSystemSynchronizedBuildFileExceptionSet;
			membershipExceptions = (
				Info.plist,
			);
			target = 642CDB342E231965009017C6 /* Noema */;
		};
		64EA100C2F4200000000000C /* Exceptions for "NoemaEmbeddingActivity" folder in "NoemaEmbeddingActivity" target */ = {
			isa = PBXFileSystemSynchronizedBuildFileExceptionSet;
			membershipExceptions = (
				Info.plist,
			);
			target = 64EA10082F42000000000008 /* NoemaEmbeddingActivity */;
		};
/* End PBXFileSystemSynchronizedBuildFileExceptionSet section */

/* Begin PBXFileSystemSynchronizedRootGroup section */
		642CDB372E231965009017C6 /* Noema */ = {
			isa = PBXFileSystemSynchronizedRootGroup;
			exceptions = (
				64AE28E52E771B0D00DEDA56 /* Exceptions for "Noema" folder in "Noema" target */,
				646E49FC2E8EDF51004C5BD8 /* Exceptions for "Noema" folder in "NoemaVisionOS" target */,
				647D61C12E955AEA003DC7F3 /* Exceptions for "Noema" folder in "NoemaMac" target */,
			);
			path = Noema;
			sourceTree = "<group>";
		};
		642CDB4A2E231968009017C6 /* NoemaTests */ = {
			isa = PBXFileSystemSynchronizedRootGroup;
			path = NoemaTests;
			sourceTree = "<group>";
		};
		642CDB542E231968009017C6 /* NoemaUITests */ = {
			isa = PBXFileSystemSynchronizedRootGroup;
			path = NoemaUITests;
			sourceTree = "<group>";
		};
		644184032E4CE8AD00C5E265 /* NoemaEmbeddingActivity */ = {
			isa = PBXFileSystemSynchronizedRootGroup;
			exceptions = (
				64EA100C2F4200000000000C /* Exceptions for "NoemaEmbeddingActivity" folder in "NoemaEmbeddingActivity" target */,
			);
			path = NoemaEmbeddingActivity;
			sourceTree = "<group>";
		};
		A20000012F41000100000003 /* NoemaiOSUITests */ = {
			isa = PBXFileSystemSynchronizedRootGroup;
			path = NoemaiOSUITests;
			sourceTree = "<group>";
		};
/* End PBXFileSystemSynchronizedRootGroup section */

/* Begin PBXFrameworksBuildPhase section */
		642CDB322E231965009017C6 /* Frameworks */ = {
			isa = PBXFrameworksBuildPhase;
			buildActionMask = 2147483647;
			files = (
				A10000012F40000100000011 /* Frameworks/Python-iOS.xcframework in Frameworks */,
				36F3CC4A934A927DB446262C /* MLXLMCommon in Frameworks */,
				054606C8C278AD20251A8DE3 /* MLXLLM in Frameworks */,
				7BF8CC40DD072A43B16A07C2 /* MLXVLM in Frameworks */,
				64ABE8E22E494DCE00821D00 /* Metal.framework in Frameworks */,
				64ABE8E32E494DCE00821D00 /* MetalKit.framework in Frameworks */,
				64ABE8DF2E494DC700821D00 /* Accelerate.framework in Frameworks */,
				64D5069E2E53BFB30022E586 /* CryptoKit.framework in Frameworks */,
				A8259F0A2A424CF1B4856CCF /* NoemaPackages in Frameworks */,
				64431EBB2E5E2F5E00BD5E8C /* SwiftMath in Frameworks */,
				6A5D1F062F35A00000A10001 /* Tokenizers in Frameworks */,
				6A5D1F072F35A00000A10001 /* Transformers in Frameworks */,
				64F1A0B92F00000000000001 /* RelayKit in Frameworks */,
				640890F52F9AC8C400BCB53E /* WhisperKit in Frameworks */,
				640891002F9AD40000BCB53E /* whisper in Frameworks */,
				64E1C0012FA0000000000001 /* CoreAILM in Frameworks */,
			);
			runOnlyForDeploymentPostprocessing = 0;
		};
		642CDB442E231968009017C6 /* Frameworks */ = {
			isa = PBXFrameworksBuildPhase;
			buildActionMask = 2147483647;
			files = (
			);
			runOnlyForDeploymentPostprocessing = 0;
		};
		642CDB4E2E231968009017C6 /* Frameworks */ = {
			isa = PBXFrameworksBuildPhase;
			buildActionMask = 2147483647;
			files = (
			);
			runOnlyForDeploymentPostprocessing = 0;
		};
		646E49E12E8EDF51004C5BD8 /* Frameworks */ = {
			isa = PBXFrameworksBuildPhase;
			buildActionMask = 2147483647;
			files = (
				A10000012F40000100000012 /* Frameworks/Python-visionOS.xcframework in Frameworks */,
				646E49E42E8EDF51004C5BD8 /* MLXRandom in Frameworks */,
				646E49E52E8EDF51004C5BD8 /* MLXOptimizers in Frameworks */,
				646E49E62E8EDF51004C5BD8 /* MLXNN in Frameworks */,
				5A799E3027157C932A64382B /* MLXLMCommon in Frameworks */,
				BFDB12BA4EAF40FB69496641 /* MLXLLM in Frameworks */,
				0958C14A15754DABA9706146 /* MLXVLM in Frameworks */,
				646E49E72E8EDF51004C5BD8 /* MLXLinalg in Frameworks */,
				646E49E92E8EDF51004C5BD8 /* MLXFast in Frameworks */,
				646E49ED2E8EDF51004C5BD8 /* MLXFFT in Frameworks */,
				646E49EE2E8EDF51004C5BD8 /* MLX in Frameworks */,
				646E49EF2E8EDF51004C5BD8 /* Metal.framework in Frameworks */,
				646E49F02E8EDF51004C5BD8 /* MetalKit.framework in Frameworks */,
				646E49F12E8EDF51004C5BD8 /* Accelerate.framework in Frameworks */,
				646E49F22E8EDF51004C5BD8 /* CryptoKit.framework in Frameworks */,
				646E49F32E8EDF51004C5BD8 /* NoemaPackages in Frameworks */,
				646E49F42E8EDF51004C5BD8 /* SwiftMath in Frameworks */,
				6A5D1F082F35A00000A10001 /* Tokenizers in Frameworks */,
				6A5D1F092F35A00000A10001 /* Transformers in Frameworks */,
				64F1A0BA2F00000000000001 /* RelayKit in Frameworks */,
			);
			runOnlyForDeploymentPostprocessing = 0;
		};
		647D61A52E955AEA003DC7F3 /* Frameworks */ = {
			isa = PBXFrameworksBuildPhase;
			buildActionMask = 2147483647;
			files = (
				A10000012F40000100000013 /* Frameworks/Python-macOS.xcframework in Frameworks */,
				647D61A82E955AEA003DC7F3 /* MLXRandom in Frameworks */,
				647D61A92E955AEA003DC7F3 /* MLXOptimizers in Frameworks */,
				647D61AA2E955AEA003DC7F3 /* MLXNN in Frameworks */,
				173B500E616CE0C8720732B4 /* MLXLMCommon in Frameworks */,
				88B93A66A8F06F7EAA21C91A /* MLXLLM in Frameworks */,
				761B93CC43210A77C5F2C3EF /* MLXVLM in Frameworks */,
				647D61AB2E955AEA003DC7F3 /* MLXLinalg in Frameworks */,
				647D61AD2E955AEA003DC7F3 /* MLXFast in Frameworks */,
				647D61B22E955AEA003DC7F3 /* MLXFFT in Frameworks */,
				647D61B32E955AEA003DC7F3 /* MLX in Frameworks */,
				647D61B42E955AEA003DC7F3 /* Metal.framework in Frameworks */,
				647D61B52E955AEA003DC7F3 /* MetalKit.framework in Frameworks */,
				647D61B62E955AEA003DC7F3 /* Accelerate.framework in Frameworks */,
				647D61B72E955AEA003DC7F3 /* CryptoKit.framework in Frameworks */,
				647D61B82E955AEA003DC7F3 /* NoemaPackages in Frameworks */,
				647D61B92E955AEA003DC7F3 /* SwiftMath in Frameworks */,
				64F1A0BB2F00000000000001 /* RelayKit in Frameworks */,
				640890F62F9AC8C400BCB53E /* WhisperKit in Frameworks */,
			);
			runOnlyForDeploymentPostprocessing = 0;
		};
		64EA10062F42000000000006 /* Frameworks */ = {
			isa = PBXFrameworksBuildPhase;
			buildActionMask = 2147483647;
			files = (
				64EA100D2F4200000000000D /* WidgetKit.framework in Frameworks */,
				64EA100E2F4200000000000E /* SwiftUI.framework in Frameworks */,
			);
			runOnlyForDeploymentPostprocessing = 0;
		};
		A20000012F41000100000005 /* Frameworks */ = {
			isa = PBXFrameworksBuildPhase;
			buildActionMask = 2147483647;
			files = (
			);
			runOnlyForDeploymentPostprocessing = 0;
		};
/* End PBXFrameworksBuildPhase section */

/* Begin PBXGroup section */
		642CDB2C2E231965009017C6 = {
			isa = PBXGroup;
			children = (
				642CDB372E231965009017C6 /* Noema */,
				642CDB4A2E231968009017C6 /* NoemaTests */,
				642CDB542E231968009017C6 /* NoemaUITests */,
				A20000012F41000100000003 /* NoemaiOSUITests */,
				644184032E4CE8AD00C5E265 /* NoemaEmbeddingActivity */,
				64AD2F612E26FE5F00BAE465 /* Frameworks */,
				646E49FB2E8EDF51004C5BD8 /* Noema copy-Info.plist */,
				647D61C02E955AEA003DC7F3 /* Noema copy2-Info.plist */,
				642CDB362E231965009017C6 /* Products */,
			);
			sourceTree = "<group>";
		};
		642CDB362E231965009017C6 /* Products */ = {
			isa = PBXGroup;
			children = (
				642CDB352E231965009017C6 /* Noema.app */,
				642CDB472E231968009017C6 /* NoemaTests.xctest */,
				642CDB512E231968009017C6 /* NoemaUITests.xctest */,
				A20000012F41000100000002 /* NoemaiOSUITests.xctest */,
				646E49FA2E8EDF51004C5BD8 /* Noema.app */,
				647D61BF2E955AEA003DC7F3 /* Noema.app */,
				64EA10012F42000000000001 /* NoemaEmbeddingActivity.appex */,
			);
			name = Products;
			sourceTree = "<group>";
		};
		64AD2F612E26FE5F00BAE465 /* Frameworks */ = {
			isa = PBXGroup;
			children = (
				A10000012F40000100000001 /* Frameworks/Python-iOS.xcframework */,
				A10000012F40000100000002 /* Frameworks/Python-visionOS.xcframework */,
				A10000012F40000100000003 /* Frameworks/Python-macOS.xcframework */,
				643392C42E5E22BB004C2269 /* UIKit.framework */,
				643392C22E5E22AE004C2269 /* QuartzCore.framework */,
				643392C02E5E22A4004C2269 /* CoreGraphics.framework */,
				643392BE2E5E229E004C2269 /* CoreText.framework */,
				643392BC2E5E228B004C2269 /* Foundation.framework */,
				64D5069D2E53BFB30022E586 /* CryptoKit.framework */,
				64ABE8E02E494DCE00821D00 /* Metal.framework */,
				64ABE8E12E494DCE00821D00 /* MetalKit.framework */,
				64ABE8DE2E494DC600821D00 /* Accelerate.framework */,
				644183FF2E4CE8AD00C5E265 /* WidgetKit.framework */,
				644184012E4CE8AD00C5E265 /* SwiftUI.framework */,
			);
			name = Frameworks;
			sourceTree = "<group>";
		};
/* End PBXGroup section */

/* Begin PBXNativeTarget section */
		642CDB342E231965009017C6 /* Noema */ = {
			isa = PBXNativeTarget;
			buildConfigurationList = 642CDB5B2E231968009017C6 /* Build configuration list for PBXNativeTarget "Noema" */;
			buildPhases = (
				642CDB312E231965009017C6 /* Sources */,
				642CDB322E231965009017C6 /* Frameworks */,
				642CDB332E231965009017C6 /* Resources */,
				A10000012F40000100000041 /* Install Python Runtime Support */,
				A10000012F40000100000031 /* Embed Python Frameworks */,
				644184182E4CE8AF00C5E265 /* Embed Foundation Extensions */,
				A10000012F40000100000044 /* Normalize Bundle Executable Bits */,
			);
			buildRules = (
			);
			dependencies = (
				64EA10042F42000000000004 /* PBXTargetDependency */,
			);
			fileSystemSynchronizedGroups = (
				642CDB372E231965009017C6 /* Noema */,
			);
			name = Noema;
			packageProductDependencies = (
				21FF187598A740D3901EFE90 /* NoemaPackages */,
				64F1A0B82F00000000000000 /* RelayKit */,
				64431EBA2E5E2F5E00BD5E8C /* SwiftMath */,
				A75FE0F413B83C5653A358FA /* MLXLMCommon */,
				096DFC38282AE7CC1CBC47D0 /* MLXLLM */,
				417AB310C4DB5F8DFE71956C /* MLXVLM */,
				6A5D1F022F35A00000A10001 /* Tokenizers */,
				6A5D1F032F35A00000A10001 /* Transformers */,
				640890F42F9AC8C400BCB53E /* WhisperKit */,
				640890FF2F9AD40000BCB53E /* whisper */,
				64E1C0022FA0000000000001 /* CoreAILM */,
			);
			productName = Noema;
			productReference = 642CDB352E231965009017C6 /* Noema.app */;
			productType = "com.apple.product-type.application";
		};
		642CDB462E231968009017C6 /* NoemaTests */ = {
			isa = PBXNativeTarget;
			buildConfigurationList = 642CDB5E2E231968009017C6 /* Build configuration list for PBXNativeTarget "NoemaTests" */;
			buildPhases = (
				642CDB432E231968009017C6 /* Sources */,
				642CDB442E231968009017C6 /* Frameworks */,
				642CDB452E231968009017C6 /* Resources */,
			);
			buildRules = (
			);
			dependencies = (
				642CDB492E231968009017C6 /* PBXTargetDependency */,
			);
			fileSystemSynchronizedGroups = (
				642CDB4A2E231968009017C6 /* NoemaTests */,
			);
			name = NoemaTests;
			packageProductDependencies = (
			);
			productName = NoemaTests;
			productReference = 642CDB472E231968009017C6 /* NoemaTests.xctest */;
			productType = "com.apple.product-type.bundle.unit-test";
		};
		642CDB502E231968009017C6 /* NoemaUITests */ = {
			isa = PBXNativeTarget;
			buildConfigurationList = 642CDB612E231968009017C6 /* Build configuration list for PBXNativeTarget "NoemaUITests" */;
			buildPhases = (
				642CDB4D2E231968009017C6 /* Sources */,
				642CDB4E2E231968009017C6 /* Frameworks */,
				642CDB4F2E231968009017C6 /* Resources */,
			);
			buildRules = (
			);
			dependencies = (
				642CDB532E231968009017C6 /* PBXTargetDependency */,
			);
			fileSystemSynchronizedGroups = (
				642CDB542E231968009017C6 /* NoemaUITests */,
			);
			name = NoemaUITests;
			packageProductDependencies = (
			);
			productName = NoemaUITests;
			productReference = 642CDB512E231968009017C6 /* NoemaUITests.xctest */;
			productType = "com.apple.product-type.bundle.ui-testing";
		};
		646E49CB2E8EDF51004C5BD8 /* NoemaVisionOS */ = {
			isa = PBXNativeTarget;
			buildConfigurationList = 646E49F72E8EDF51004C5BD8 /* Build configuration list for PBXNativeTarget "NoemaVisionOS" */;
			buildPhases = (
				646E49E02E8EDF51004C5BD8 /* Sources */,
				646E49E12E8EDF51004C5BD8 /* Frameworks */,
				646E49F52E8EDF51004C5BD8 /* Resources */,
				A10000012F40000100000042 /* Install Python Runtime Support */,
				A10000012F40000100000032 /* Embed Python Frameworks */,
				646E49F62E8EDF51004C5BD8 /* Embed Foundation Extensions */,
				A10000012F40000100000045 /* Normalize Bundle Executable Bits */,
			);
			buildRules = (
			);
			dependencies = (
			);
			fileSystemSynchronizedGroups = (
				642CDB372E231965009017C6 /* Noema */,
			);
			name = NoemaVisionOS;
			packageProductDependencies = (
				646E49CC2E8EDF51004C5BD8 /* MLX */,
				646E49CE2E8EDF51004C5BD8 /* MLXFFT */,
				646E49CF2E8EDF51004C5BD8 /* MLXFast */,
				646E49D02E8EDF51004C5BD8 /* MLXLinalg */,
				646E49D12E8EDF51004C5BD8 /* MLXNN */,
				89508E8A4241F3F06F767D32 /* MLXLMCommon */,
				06EF816A0080BF19C8D0E0E4 /* MLXLLM */,
				F0F32833168AC421BAFF1301 /* MLXVLM */,
				646E49D22E8EDF51004C5BD8 /* MLXOptimizers */,
				646E49D32E8EDF51004C5BD8 /* MLXRandom */,
				646E49D42E8EDF51004C5BD8 /* NoemaPackages */,
				64F1A0B82F00000000000000 /* RelayKit */,
				646E49DB2E8EDF51004C5BD8 /* SwiftMath */,
				6A5D1F042F35A00000A10001 /* Tokenizers */,
				6A5D1F052F35A00000A10001 /* Transformers */,
			);
			productName = Noema;
			productReference = 646E49FA2E8EDF51004C5BD8 /* Noema.app */;
			productType = "com.apple.product-type.application";
		};
		647D618D2E955AEA003DC7F3 /* NoemaMac */ = {
			isa = PBXNativeTarget;
			buildConfigurationList = 647D61BC2E955AEA003DC7F3 /* Build configuration list for PBXNativeTarget "NoemaMac" */;
			buildPhases = (
				647D61A42E955AEA003DC7F3 /* Sources */,
				647D61A52E955AEA003DC7F3 /* Frameworks */,
				647D61BA2E955AEA003DC7F3 /* Resources */,
				A10000012F40000100000033 /* Embed Python Frameworks */,
				A10000012F40000100000043 /* Sanitize Embedded Python Framework */,
				647D61BB2E955AEA003DC7F3 /* Embed Foundation Extensions */,
			);
			buildRules = (
			);
			dependencies = (
			);
			fileSystemSynchronizedGroups = (
				642CDB372E231965009017C6 /* Noema */,
			);
			name = NoemaMac;
			packageProductDependencies = (
				647D618E2E955AEA003DC7F3 /* MLX */,
				647D61902E955AEA003DC7F3 /* MLXFFT */,
				647D61912E955AEA003DC7F3 /* MLXFast */,
				647D61922E955AEA003DC7F3 /* MLXLinalg */,
				647D61932E955AEA003DC7F3 /* MLXNN */,
				035AB236448800F41072CFF7 /* MLXLMCommon */,
				B6CF4E9B49381B893090A7F0 /* MLXLLM */,
				9671064702E2AE64A359AADF /* MLXVLM */,
				647D61942E955AEA003DC7F3 /* MLXOptimizers */,
				647D61952E955AEA003DC7F3 /* MLXRandom */,
				647D61962E955AEA003DC7F3 /* NoemaPackages */,
				64F1A0B82F00000000000000 /* RelayKit */,
				647D619D2E955AEA003DC7F3 /* SwiftMath */,
				640890F42F9AC8C400BCB53E /* WhisperKit */,
			);
			productName = Noema;
			productReference = 647D61BF2E955AEA003DC7F3 /* Noema.app */;
			productType = "com.apple.product-type.application";
		};
		64EA10082F42000000000008 /* NoemaEmbeddingActivity */ = {
			isa = PBXNativeTarget;
			buildConfigurationList = 64EA100B2F4200000000000B /* Build configuration list for PBXNativeTarget "NoemaEmbeddingActivity" */;
			buildPhases = (
				64EA10052F42000000000005 /* Sources */,
				64EA10062F42000000000006 /* Frameworks */,
				64EA10072F42000000000007 /* Resources */,
			);
			buildRules = (
			);
			dependencies = (
			);
			fileSystemSynchronizedGroups = (
				644184032E4CE8AD00C5E265 /* NoemaEmbeddingActivity */,
			);
			name = NoemaEmbeddingActivity;
			packageProductDependencies = (
			);
			productName = NoemaEmbeddingActivity;
			productReference = 64EA10012F42000000000001 /* NoemaEmbeddingActivity.appex */;
			productType = "com.apple.product-type.app-extension";
		};
		A20000012F41000100000004 /* NoemaiOSUITests */ = {
			isa = PBXNativeTarget;
			buildConfigurationList = A20000012F4100010000000B /* Build configuration list for PBXNativeTarget "NoemaiOSUITests" */;
			buildPhases = (
				A20000012F41000100000007 /* Sources */,
				A20000012F41000100000005 /* Frameworks */,
				A20000012F41000100000006 /* Resources */,
			);
			buildRules = (
			);
			dependencies = (
				A20000012F41000100000008 /* PBXTargetDependency */,
			);
			fileSystemSynchronizedGroups = (
				A20000012F41000100000003 /* NoemaiOSUITests */,
			);
			name = NoemaiOSUITests;
			packageProductDependencies = (
			);
			productName = NoemaiOSUITests;
			productReference = A20000012F41000100000002 /* NoemaiOSUITests.xctest */;
			productType = "com.apple.product-type.bundle.ui-testing";
		};
/* End PBXNativeTarget section */

/* Begin PBXProject section */
		642CDB2D2E231965009017C6 /* Project object */ = {
			isa = PBXProject;
			attributes = {
				BuildIndependentTargetsInParallel = 1;
				LastSwiftUpdateCheck = 2600;
				LastUpgradeCheck = 2600;
				TargetAttributes = {
					642CDB342E231965009017C6 = {
						CreatedOnToolsVersion = 16.4;
						LastSwiftMigration = 2600;
					};
					642CDB462E231968009017C6 = {
						CreatedOnToolsVersion = 16.4;
						TestTargetID = 642CDB342E231965009017C6;
					};
					642CDB502E231968009017C6 = {
						CreatedOnToolsVersion = 16.4;
						TestTargetID = 647D618D2E955AEA003DC7F3;
					};
					64EA10082F42000000000008 = {
						CreatedOnToolsVersion = 26.0;
					};
					A20000012F41000100000004 = {
						CreatedOnToolsVersion = 16.4;
						TestTargetID = 642CDB342E231965009017C6;
					};
				};
			};
			buildConfigurationList = 642CDB302E231965009017C6 /* Build configuration list for PBXProject "Noema" */;
			developmentRegion = en;
			hasScannedForEncodings = 0;
			knownRegions = (
				en,
				Base,
				ar,
				"zh-Hans",
				es,
				fr,
				de,
				hi,
				ja,
				ko,
				ro,
				tr,
			);
			mainGroup = 642CDB2C2E231965009017C6;
			minimizedProjectReferenceProxies = 1;
			packageReferences = (
				2FB3F4F8C56943ACAEC3C135 /* XCLocalSwiftPackageReference "." */,
				64431EB92E5E2F5E00BD5E8C /* XCRemoteSwiftPackageReference "SwiftMath" */,
				53802217708316E36FDFDC47 /* XCRemoteSwiftPackageReference "mlx-swift-lm" */,
				6A5D1F012F35A00000A10001 /* XCRemoteSwiftPackageReference "swift-transformers" */,
				640890ED2F9AC8C400BCB53E /* XCRemoteSwiftPackageReference "WhisperKit" */,
				640890FE2F9AD40000BCB53E /* XCLocalSwiftPackageReference "External/NoemaWhisperBinary" */,
				64E1C0032FA0000000000001 /* XCLocalSwiftPackageReference "External/coreai-models" */,
			);
			preferredProjectObjectVersion = 77;
			productRefGroup = 642CDB362E231965009017C6 /* Products */;
			projectDirPath = "";
			projectRoot = "";
			targets = (
				642CDB342E231965009017C6 /* Noema */,
				64EA10082F42000000000008 /* NoemaEmbeddingActivity */,
				646E49CB2E8EDF51004C5BD8 /* NoemaVisionOS */,
				642CDB462E231968009017C6 /* NoemaTests */,
				642CDB502E231968009017C6 /* NoemaUITests */,
				A20000012F41000100000004 /* NoemaiOSUITests */,
				647D618D2E955AEA003DC7F3 /* NoemaMac */,
			);
		};
/* End PBXProject section */

/* Begin PBXResourcesBuildPhase section */
		642CDB332E231965009017C6 /* Resources */ = {
			isa = PBXResourcesBuildPhase;
			buildActionMask = 2147483647;
			files = (
			);
			runOnlyForDeploymentPostprocessing = 0;
		};
		642CDB452E231968009017C6 /* Resources */ = {
			isa = PBXResourcesBuildPhase;
			buildActionMask = 2147483647;
			files = (
			);
			runOnlyForDeploymentPostprocessing = 0;
		};
		642CDB4F2E231968009017C6 /* Resources */ = {
			isa = PBXResourcesBuildPhase;
			buildActionMask = 2147483647;
			files = (
			);
			runOnlyForDeploymentPostprocessing = 0;
		};
		646E49F52E8EDF51004C5BD8 /* Resources */ = {
			isa = PBXResourcesBuildPhase;
			buildActionMask = 2147483647;
			files = (
			);
			runOnlyForDeploymentPostprocessing = 0;
		};
		647D61BA2E955AEA003DC7F3 /* Resources */ = {
			isa = PBXResourcesBuildPhase;
			buildActionMask = 2147483647;
			files = (
			);
			runOnlyForDeploymentPostprocessing = 0;
		};
		64EA10072F42000000000007 /* Resources */ = {
			isa = PBXResourcesBuildPhase;
			buildActionMask = 2147483647;
			files = (
			);
			runOnlyForDeploymentPostprocessing = 0;
		};
		A20000012F41000100000006 /* Resources */ = {
			isa = PBXResourcesBuildPhase;
			buildActionMask = 2147483647;
			files = (
			);
			runOnlyForDeploymentPostprocessing = 0;
		};
/* End PBXResourcesBuildPhase section */

/* Begin PBXShellScriptBuildPhase section */
		A10000012F40000100000041 /* Install Python Runtime Support */ = {
			isa = PBXShellScriptBuildPhase;
			buildActionMask = 2147483647;
			files = (
			);
			inputFileListPaths = (
			);
			inputPaths = (
				"$(PROJECT_DIR)/Frameworks/Python-iOS.xcframework",
			);
			name = "Install Python Runtime Support";
			outputFileListPaths = (
			);
			outputPaths = (
				"$(TARGET_BUILD_DIR)/$(FULL_PRODUCT_NAME)/python/.noema-python-runtime-stamp",
			);
			runOnlyForDeploymentPostprocessing = 0;
			shellPath = /bin/sh;
			shellScript = "set -e\n/bin/sh \"$PROJECT_DIR/scripts/install-python-runtime-support-ios.sh\"\n";
		};
		A10000012F40000100000042 /* Install Python Runtime Support */ = {
			isa = PBXShellScriptBuildPhase;
			buildActionMask = 2147483647;
			files = (
			);
			inputFileListPaths = (
			);
			inputPaths = (
				"$(PROJECT_DIR)/Frameworks/Python-visionOS.xcframework",
			);
			name = "Install Python Runtime Support";
			outputFileListPaths = (
			);
			outputPaths = (
				"$(TARGET_BUILD_DIR)/$(FULL_PRODUCT_NAME)/python/.noema-python-runtime-stamp",
			);
			runOnlyForDeploymentPostprocessing = 0;
			shellPath = /bin/sh;
			shellScript = "set -e\nsource \"$PROJECT_DIR/Frameworks/Python-visionOS.xcframework/build/utils.sh\"\n\nhas_python_origin_marker() {\n  framework_dir=\"$1\"\n  for origin_marker in \"$framework_dir\"/*.origin; do\n    if [ -f \"$origin_marker\" ]; then\n      return 0\n    fi\n  done\n  return 1\n}\n\ncleanup_generated_python_extension_frameworks() {\n  frameworks_dir=\"$CODESIGNING_FOLDER_PATH/Frameworks\"\n  if [ ! -d \"$frameworks_dir\" ]; then\n    return 0\n  fi\n\n  for framework_dir in \"$frameworks_dir\"/*.framework; do\n    if [ ! -d \"$framework_dir\" ]; then\n      continue\n    fi\n    if has_python_origin_marker \"$framework_dir\"; then\n      echo \"Removing stale generated Python extension framework: ${framework_dir##*/}\"\n      rm -rf \"$framework_dir\"\n    fi\n  done\n}\n\nvalidate_generated_python_extension_frameworks() {\n  frameworks_dir=\"$CODESIGNING_FOLDER_PATH/Frameworks\"\n  if [ ! -d \"$frameworks_dir\" ]; then\n    return 0\n  fi\n\n  for framework_dir in \"$frameworks_dir\"/*.framework; do\n    if [ ! -d \"$framework_dir\" ]; then\n      continue\n    fi\n    if has_python_origin_marker \"$framework_dir\"; then\n      plist=\"$framework_dir/Info.plist\"\n      package_type=\"$(/usr/libexec/PlistBuddy -c 'Print :CFBundlePackageType' \"$plist\" 2>/dev/null || true)\"\n      if [ \"$package_type\" != \"FMWK\" ]; then\n        echo \"error: Generated Python extension framework has CFBundlePackageType=$package_type: $framework_dir\"\n        exit 1\n      fi\n    fi\n  done\n}\n\ncleanup_generated_python_extension_frameworks\ninstall_python \"Frameworks/Python-visionOS.xcframework\"\nvalidate_generated_python_extension_frameworks\nmkdir -p \"$CODESIGNING_FOLDER_PATH/python\"\ntouch \"$CODESIGNING_FOLDER_PATH/python/.noema-python-runtime-stamp\"\n";
		};
		A10000012F40000100000043 /* Sanitize Embedded Python Framework */ = {
			isa = PBXShellScriptBuildPhase;
			buildActionMask = 2147483647;
			files = (
			);
			inputFileListPaths = (
			);
			inputPaths = (
			);
			name = "Sanitize Embedded Python Framework";
			outputFileListPaths = (
			);
			outputPaths = (
			);
			runOnlyForDeploymentPostprocessing = 0;
			shellPath = /bin/sh;
			shellScript = "set -e\nPYTHON_FRAMEWORK_ROOT=\"${TARGET_BUILD_DIR}/${FRAMEWORKS_FOLDER_PATH}/Python.framework/Versions/Current\"\nif [ ! -d \"$PYTHON_FRAMEWORK_ROOT\" ]; then\n  exit 0\nfi\nif [ -d \"$PYTHON_FRAMEWORK_ROOT/lib\" ]; then\n  find \"$PYTHON_FRAMEWORK_ROOT/lib\" \\( -name '*.o' -o -name '*.a' \\) -type f -delete\n  find \"$PYTHON_FRAMEWORK_ROOT/lib\" -type d -path '*/config-*-darwin' -exec rm -rf {} +\nfi\n";
		};
		A10000012F40000100000044 /* Normalize Bundle Executable Bits */ = {
			isa = PBXShellScriptBuildPhase;
			buildActionMask = 2147483647;
			files = (
			);
			inputFileListPaths = (
			);
			inputPaths = (
				"$(TARGET_BUILD_DIR)/$(UNLOCALIZED_RESOURCES_FOLDER_PATH)/NoemaPackages_NoemaPackages.bundle",
				"$(TARGET_BUILD_DIR)/$(UNLOCALIZED_RESOURCES_FOLDER_PATH)/SwiftMath_SwiftMath.bundle",
				"$(TARGET_BUILD_DIR)/$(UNLOCALIZED_RESOURCES_FOLDER_PATH)/mlx-swift_Cmlx.bundle",
				"$(TARGET_BUILD_DIR)/$(UNLOCALIZED_RESOURCES_FOLDER_PATH)/swift-crypto_Crypto.bundle",
				"$(TARGET_BUILD_DIR)/$(UNLOCALIZED_RESOURCES_FOLDER_PATH)/swift-transformers_Hub.bundle",
			);
			name = "Normalize Bundle Executable Bits";
			outputFileListPaths = (
			);
			outputPaths = (
				"$(TARGET_BUILD_DIR)/$(FULL_PRODUCT_NAME)/.noema-executable-bit-normalized",
			);
			runOnlyForDeploymentPostprocessing = 0;
			shellPath = /bin/sh;
			shellScript = "set -e\nif [ ! -d \"$CODESIGNING_FOLDER_PATH\" ]; then\n  exit 0\nfi\nfind \"$CODESIGNING_FOLDER_PATH\" -type f -perm -111 -exec sh -c '\n  for path do\n    case \"$(file -b \"$path\")\" in\n      Mach-O*) ;;\n      *)\n        echo \"Clearing executable bit on non-Mach-O bundle file: ${path#$CODESIGNING_FOLDER_PATH/}\"\n        chmod a-x \"$path\"\n        ;;\n    esac\n  done\n' sh {} +\ntouch \"$CODESIGNING_FOLDER_PATH/.noema-executable-bit-normalized\"\n";
		};
		A10000012F40000100000045 /* Normalize Bundle Executable Bits */ = {
			isa = PBXShellScriptBuildPhase;
			buildActionMask = 2147483647;
			files = (
			);
			inputFileListPaths = (
			);
			inputPaths = (
				"$(TARGET_BUILD_DIR)/$(UNLOCALIZED_RESOURCES_FOLDER_PATH)/NoemaPackages_NoemaPackages.bundle",
				"$(TARGET_BUILD_DIR)/$(UNLOCALIZED_RESOURCES_FOLDER_PATH)/SwiftMath_SwiftMath.bundle",
				"$(TARGET_BUILD_DIR)/$(UNLOCALIZED_RESOURCES_FOLDER_PATH)/mlx-swift_Cmlx.bundle",
				"$(TARGET_BUILD_DIR)/$(UNLOCALIZED_RESOURCES_FOLDER_PATH)/swift-crypto_Crypto.bundle",
				"$(TARGET_BUILD_DIR)/$(UNLOCALIZED_RESOURCES_FOLDER_PATH)/swift-transformers_Hub.bundle",
			);
			name = "Normalize Bundle Executable Bits";
			outputFileListPaths = (
			);
			outputPaths = (
				"$(TARGET_BUILD_DIR)/$(FULL_PRODUCT_NAME)/.noema-executable-bit-normalized",
			);
			runOnlyForDeploymentPostprocessing = 0;
			shellPath = /bin/sh;
			shellScript = "set -e\nif [ ! -d \"$CODESIGNING_FOLDER_PATH\" ]; then\n  exit 0\nfi\nfind \"$CODESIGNING_FOLDER_PATH\" -type f -perm -111 -exec sh -c '\n  for path do\n    case \"$(file -b \"$path\")\" in\n      Mach-O*) ;;\n      *)\n        echo \"Clearing executable bit on non-Mach-O bundle file: ${path#$CODESIGNING_FOLDER_PATH/}\"\n        chmod a-x \"$path\"\n        ;;\n    esac\n  done\n' sh {} +\ntouch \"$CODESIGNING_FOLDER_PATH/.noema-executable-bit-normalized\"\n";
		};
/* End PBXShellScriptBuildPhase section */

/* Begin PBXSourcesBuildPhase section */
		642CDB312E231965009017C6 /* Sources */ = {
			isa = PBXSourcesBuildPhase;
			buildActionMask = 2147483647;
			files = (
			);
			runOnlyForDeploymentPostprocessing = 0;
		};
		642CDB432E231968009017C6 /* Sources */ = {
			isa = PBXSourcesBuildPhase;
			buildActionMask = 2147483647;
			files = (
			);
			runOnlyForDeploymentPostprocessing = 0;
		};
		642CDB4D2E231968009017C6 /* Sources */ = {
			isa = PBXSourcesBuildPhase;
			buildActionMask = 2147483647;
			files = (
			);
			runOnlyForDeploymentPostprocessing = 0;
		};
		646E49E02E8EDF51004C5BD8 /* Sources */ = {
			isa = PBXSourcesBuildPhase;
			buildActionMask = 2147483647;
			files = (
			);
			runOnlyForDeploymentPostprocessing = 0;
		};
		647D61A42E955AEA003DC7F3 /* Sources */ = {
			isa = PBXSourcesBuildPhase;
			buildActionMask = 2147483647;
			files = (
			);
			runOnlyForDeploymentPostprocessing = 0;
		};
		64EA10052F42000000000005 /* Sources */ = {
			isa = PBXSourcesBuildPhase;
			buildActionMask = 2147483647;
			files = (
			);
			runOnlyForDeploymentPostprocessing = 0;
		};
		A20000012F41000100000007 /* Sources */ = {
			isa = PBXSourcesBuildPhase;
			buildActionMask = 2147483647;
			files = (
			);
			runOnlyForDeploymentPostprocessing = 0;
		};
/* End PBXSourcesBuildPhase section */

/* Begin PBXTargetDependency section */
		642CDB492E231968009017C6 /* PBXTargetDependency */ = {
			isa = PBXTargetDependency;
			target = 642CDB342E231965009017C6 /* Noema */;
			targetProxy = 642CDB482E231968009017C6 /* PBXContainerItemProxy */;
		};
		642CDB532E231968009017C6 /* PBXTargetDependency */ = {
			isa = PBXTargetDependency;
			target = 647D618D2E955AEA003DC7F3 /* NoemaMac */;
			targetProxy = 642CDB522E231968009017C6 /* PBXContainerItemProxy */;
		};
		64EA10042F42000000000004 /* PBXTargetDependency */ = {
			isa = PBXTargetDependency;
			target = 64EA10082F42000000000008 /* NoemaEmbeddingActivity */;
			targetProxy = 64EA10032F42000000000003 /* PBXContainerItemProxy */;
		};
		A20000012F41000100000008 /* PBXTargetDependency */ = {
			isa = PBXTargetDependency;
			target = 642CDB342E231965009017C6 /* Noema */;
			targetProxy = A20000012F41000100000001 /* PBXContainerItemProxy */;
		};
/* End PBXTargetDependency section */

/* Begin XCBuildConfiguration section */
		642CDB592E231968009017C6 /* Debug */ = {
			isa = XCBuildConfiguration;
			buildSettings = {
				ALWAYS_SEARCH_USER_PATHS = NO;
				ASSETCATALOG_COMPILER_GENERATE_SWIFT_ASSET_SYMBOL_EXTENSIONS = YES;
				CLANG_ALLOW_NON_MODULAR_INCLUDES_IN_FRAMEWORK_MODULES = YES;
				CLANG_ANALYZER_NONNULL = YES;
				CLANG_ANALYZER_NUMBER_OBJECT_CONVERSION = YES_AGGRESSIVE;
				CLANG_CXX_LANGUAGE_STANDARD = "gnu++20";
				CLANG_ENABLE_MODULES = YES;
				CLANG_ENABLE_OBJC_ARC = YES;
				CLANG_ENABLE_OBJC_WEAK = YES;
				CLANG_WARN_BLOCK_CAPTURE_AUTORELEASING = YES;
				CLANG_WARN_BOOL_CONVERSION = YES;
				CLANG_WARN_COMMA = YES;
				CLANG_WARN_CONSTANT_CONVERSION = YES;
				CLANG_WARN_DEPRECATED_OBJC_IMPLEMENTATIONS = YES;
				CLANG_WARN_DIRECT_OBJC_ISA_USAGE = YES_ERROR;
				CLANG_WARN_DOCUMENTATION_COMMENTS = YES;
				CLANG_WARN_EMPTY_BODY = YES;
				CLANG_WARN_ENUM_CONVERSION = YES;
				CLANG_WARN_INFINITE_RECURSION = YES;
				CLANG_WARN_INT_CONVERSION = YES;
				CLANG_WARN_NON_LITERAL_NULL_CONVERSION = YES;
				CLANG_WARN_OBJC_IMPLICIT_RETAIN_SELF = YES;
				CLANG_WARN_OBJC_LITERAL_CONVERSION = YES;
				CLANG_WARN_OBJC_ROOT_CLASS = YES_ERROR;
				CLANG_WARN_QUOTED_INCLUDE_IN_FRAMEWORK_HEADER = YES;
				CLANG_WARN_RANGE_LOOP_ANALYSIS = YES;
				CLANG_WARN_STRICT_PROTOTYPES = YES;
				CLANG_WARN_SUSPICIOUS_MOVE = YES;
				CLANG_WARN_UNGUARDED_AVAILABILITY = YES_AGGRESSIVE;
				CLANG_WARN_UNREACHABLE_CODE = YES;
				CLANG_WARN__DUPLICATE_METHOD_MATCH = YES;
				COPY_PHASE_STRIP = NO;
				DEBUG_INFORMATION_FORMAT = dwarf;
				DEVELOPMENT_TEAM = XX3Z6V9TU9;
				ENABLE_CODE_COVERAGE = NO;
				ENABLE_STRICT_OBJC_MSGSEND = YES;
				ENABLE_TESTABILITY = YES;
				ENABLE_USER_SCRIPT_SANDBOXING = YES;
				GCC_C_LANGUAGE_STANDARD = gnu17;
				GCC_DYNAMIC_NO_PIC = NO;
				GCC_NO_COMMON_BLOCKS = YES;
				GCC_OPTIMIZATION_LEVEL = 0;
				GCC_PREPROCESSOR_DEFINITIONS = (
					"DEBUG=1",
					"$(inherited)",
				);
				GCC_WARN_64_TO_32_BIT_CONVERSION = YES;
				GCC_WARN_ABOUT_RETURN_TYPE = YES_ERROR;
				GCC_WARN_UNDECLARED_SELECTOR = YES;
				GCC_WARN_UNINITIALIZED_AUTOS = YES_AGGRESSIVE;
				GCC_WARN_UNUSED_FUNCTION = YES;
				GCC_WARN_UNUSED_VARIABLE = YES;
				IPHONEOS_DEPLOYMENT_TARGET = 17.0;
				LOCALIZATION_PREFERS_STRING_CATALOGS = YES;
				MTL_ENABLE_DEBUG_INFO = INCLUDE_SOURCE;
				MTL_FAST_MATH = YES;
				ONLY_ACTIVE_ARCH = YES;
				SDKROOT = iphoneos;
				STRING_CATALOG_GENERATE_SYMBOLS = YES;
				SWIFT_ACTIVE_COMPILATION_CONDITIONS = "DEBUG $(inherited)";
				SWIFT_APPROACHABLE_CONCURRENCY = YES;
				SWIFT_OPTIMIZATION_LEVEL = "-Onone";
			};
			name = Debug;
		};
		642CDB5A2E231968009017C6 /* Release */ = {
			isa = XCBuildConfiguration;
			buildSettings = {
				ALWAYS_SEARCH_USER_PATHS = NO;
				ASSETCATALOG_COMPILER_GENERATE_SWIFT_ASSET_SYMBOL_EXTENSIONS = YES;
				CLANG_ALLOW_NON_MODULAR_INCLUDES_IN_FRAMEWORK_MODULES = YES;
				CLANG_ANALYZER_NONNULL = YES;
				CLANG_ANALYZER_NUMBER_OBJECT_CONVERSION = YES_AGGRESSIVE;
				CLANG_CXX_LANGUAGE_STANDARD = "gnu++20";
				CLANG_ENABLE_MODULES = YES;
				CLANG_ENABLE_OBJC_ARC = YES;
				CLANG_ENABLE_OBJC_WEAK = YES;
				CLANG_WARN_BLOCK_CAPTURE_AUTORELEASING = YES;
				CLANG_WARN_BOOL_CONVERSION = YES;
				CLANG_WARN_COMMA = YES;
				CLANG_WARN_CONSTANT_CONVERSION = YES;
				CLANG_WARN_DEPRECATED_OBJC_IMPLEMENTATIONS = YES;
				CLANG_WARN_DIRECT_OBJC_ISA_USAGE = YES_ERROR;
				CLANG_WARN_DOCUMENTATION_COMMENTS = YES;
				CLANG_WARN_EMPTY_BODY = YES;
				CLANG_WARN_ENUM_CONVERSION = YES;
				CLANG_WARN_INFINITE_RECURSION = YES;
				CLANG_WARN_INT_CONVERSION = YES;
				CLANG_WARN_NON_LITERAL_NULL_CONVERSION = YES;
				CLANG_WARN_OBJC_IMPLICIT_RETAIN_SELF = YES;
				CLANG_WARN_OBJC_LITERAL_CONVERSION = YES;
				CLANG_WARN_OBJC_ROOT_CLASS = YES_ERROR;
				CLANG_WARN_QUOTED_INCLUDE_IN_FRAMEWORK_HEADER = YES;
				CLANG_WARN_RANGE_LOOP_ANALYSIS = YES;
				CLANG_WARN_STRICT_PROTOTYPES = YES;
				CLANG_WARN_SUSPICIOUS_MOVE = YES;
				CLANG_WARN_UNGUARDED_AVAILABILITY = YES_AGGRESSIVE;
				CLANG_WARN_UNREACHABLE_CODE = YES;
				CLANG_WARN__DUPLICATE_METHOD_MATCH = YES;
				COPY_PHASE_STRIP = NO;
				DEBUG_INFORMATION_FORMAT = "dwarf-with-dsym";
				DEVELOPMENT_TEAM = XX3Z6V9TU9;
				ENABLE_CODE_COVERAGE = NO;
				ENABLE_NS_ASSERTIONS = NO;
				ENABLE_STRICT_OBJC_MSGSEND = YES;
				ENABLE_USER_SCRIPT_SANDBOXING = YES;
				GCC_C_LANGUAGE_STANDARD = gnu17;
				GCC_NO_COMMON_BLOCKS = YES;
				GCC_WARN_64_TO_32_BIT_CONVERSION = YES;
				GCC_WARN_ABOUT_RETURN_TYPE = YES_ERROR;
				GCC_WARN_UNDECLARED_SELECTOR = YES;
				GCC_WARN_UNINITIALIZED_AUTOS = YES_AGGRESSIVE;
				GCC_WARN_UNUSED_FUNCTION = YES;
				GCC_WARN_UNUSED_VARIABLE = YES;
				IPHONEOS_DEPLOYMENT_TARGET = 17.0;
				LOCALIZATION_PREFERS_STRING_CATALOGS = YES;
				MTL_ENABLE_DEBUG_INFO = NO;
				MTL_FAST_MATH = YES;
				SDKROOT = iphoneos;
				STRING_CATALOG_GENERATE_SYMBOLS = YES;
				SWIFT_APPROACHABLE_CONCURRENCY = YES;
				SWIFT_COMPILATION_MODE = wholemodule;
				VALIDATE_PRODUCT = YES;
			};
			name = Release;
		};
		642CDB5C2E231968009017C6 /* Debug */ = {
			isa = XCBuildConfiguration;
			buildSettings = {
				APP_ATTEST_ENVIRONMENT = development;
				ASSETCATALOG_COMPILER_APPICON_NAME = AppIcon;
				ASSETCATALOG_COMPILER_GLOBAL_ACCENT_COLOR_NAME = AccentColor;
				ASSETCATALOG_COMPILER_INCLUDE_ALL_APPICON_ASSETS = YES;
				CLANG_ALLOW_NON_MODULAR_INCLUDES_IN_FRAMEWORK_MODULES = YES;
				CLANG_CXX_LANGUAGE_STANDARD = "c++17";
				CLANG_ENABLE_MODULES = YES;
				CODE_SIGN_ENTITLEMENTS = Noema/Noema.entitlements;
				CODE_SIGN_IDENTITY = "Apple Development";
				CODE_SIGN_STYLE = Automatic;
				CURRENT_PROJECT_VERSION = 9;
				DEVELOPMENT_TEAM = XX3Z6V9TU9;
				ENABLE_CODE_COVERAGE = NO;
				ENABLE_DEBUG_DYLIB = NO;
				ENABLE_PREVIEWS = NO;
				ENABLE_USER_SCRIPT_SANDBOXING = NO;
				FRAMEWORK_SEARCH_PATHS = (
					"$(inherited)",
					"$(PROJECT_DIR)/Frameworks",
				);
				GCC_C_LANGUAGE_STANDARD = c23;
				GCC_PREPROCESSOR_DEFINITIONS = (
					"GGML_USE_ACCELERATE=1",
					"ACCELERATE_NEW_LAPACK=1",
					"ACCELERATE_LAPACK_ILP64=1",
					"GGML_VERSION=\"dev\"",
					"GGML_COMMIT=\"local\"",
				);
				GENERATE_INFOPLIST_FILE = YES;
				HEADER_SEARCH_PATHS = "$(inherited)";
				INFOPLIST_FILE = Noema/Info.plist;
				INFOPLIST_KEY_CFBundleDisplayName = Noema;
				INFOPLIST_KEY_NSSupportsLiveActivities = YES;
				INFOPLIST_KEY_NSSupportsLiveActivitiesFrequentUpdates = YES;
				INFOPLIST_KEY_UIApplicationSceneManifest_Generation = YES;
				INFOPLIST_KEY_UIApplicationSupportsIndirectInputEvents = YES;
				INFOPLIST_KEY_UILaunchScreen_Generation = YES;
				INFOPLIST_KEY_UISupportedInterfaceOrientations = UIInterfaceOrientationPortrait;
				INFOPLIST_KEY_UISupportedInterfaceOrientations_iPad = "UIInterfaceOrientationLandscapeLeft UIInterfaceOrientationLandscapeRight UIInterfaceOrientationPortrait UIInterfaceOrientationPortraitUpsideDown";
				IPHONEOS_DEPLOYMENT_TARGET = 18;
				LD_RUNPATH_SEARCH_PATHS = (
					"$(inherited)",
					"@executable_path/Frameworks",
					"@loader_path/Frameworks",
				);
				MARKETING_VERSION = 3;
				OTHER_CFLAGS = (
					"-O3",
					"-DGGML_USE_ACCELERATE",
					"-DGGML_METAL_NDEBUG",
				);
				OTHER_CPLUSPLUSFLAGS = (
					"$(OTHER_CFLAGS)",
					"-std=c++17",
				);
				OTHER_LDFLAGS = "\"-ObjC \"";
				PRODUCT_BUNDLE_IDENTIFIER = arminproducts.Noema;
				PRODUCT_NAME = Noema;
				PROVISIONING_PROFILE_SPECIFIER = "";
				SUPPORTED_PLATFORMS = "iphoneos iphonesimulator";
				SUPPORTS_MACCATALYST = NO;
				SUPPORTS_MAC_DESIGNED_FOR_IPHONE_IPAD = NO;
				SUPPORTS_XR_DESIGNED_FOR_IPHONE_IPAD = NO;
				SWIFT_EMIT_LOC_STRINGS = YES;
				SWIFT_OBJC_BRIDGING_HEADER = "Noema/Noema-Bridging.h";
				SWIFT_OBJC_INTEROP_MODE = objcxx;
				SWIFT_OPTIMIZATION_LEVEL = "-Onone";
				SWIFT_VERSION = 6.0;
				TARGETED_DEVICE_FAMILY = "1,2";
				XROS_DEPLOYMENT_TARGET = 26.0;
			};
			name = Debug;
		};
		642CDB5D2E231968009017C6 /* Release */ = {
			isa = XCBuildConfiguration;
			buildSettings = {
				APP_ATTEST_ENVIRONMENT = production;
				ASSETCATALOG_COMPILER_APPICON_NAME = AppIcon;
				ASSETCATALOG_COMPILER_GLOBAL_ACCENT_COLOR_NAME = AccentColor;
				ASSETCATALOG_COMPILER_INCLUDE_ALL_APPICON_ASSETS = YES;
				CLANG_ALLOW_NON_MODULAR_INCLUDES_IN_FRAMEWORK_MODULES = YES;
				CLANG_CXX_LANGUAGE_STANDARD = "c++17";
				CLANG_CXX_STANDARD_LIBRARY_HARDENING = extensive;
				CLANG_ENABLE_MODULES = YES;
				CODE_SIGN_ENTITLEMENTS = Noema/Noema.entitlements;
				CODE_SIGN_IDENTITY = "Apple Development";
				CODE_SIGN_STYLE = Automatic;
				CURRENT_PROJECT_VERSION = 9;
				DEVELOPMENT_TEAM = XX3Z6V9TU9;
				ENABLE_CODE_COVERAGE = NO;
				ENABLE_DEBUG_DYLIB = NO;
				ENABLE_PREVIEWS = NO;
				ENABLE_USER_SCRIPT_SANDBOXING = NO;
				FRAMEWORK_SEARCH_PATHS = (
					"$(inherited)",
					"$(PROJECT_DIR)/Frameworks",
				);
				GCC_C_LANGUAGE_STANDARD = c23;
				GCC_PREPROCESSOR_DEFINITIONS = (
					"GGML_USE_ACCELERATE=1",
					"ACCELERATE_NEW_LAPACK=1",
					"ACCELERATE_LAPACK_ILP64=1",
					"GGML_VERSION=\"dev\"",
					"GGML_COMMIT=\"local\"",
				);
				GENERATE_INFOPLIST_FILE = YES;
				HEADER_SEARCH_PATHS = "$(inherited)";
				INFOPLIST_FILE = Noema/Info.plist;
				INFOPLIST_KEY_CFBundleDisplayName = Noema;
				INFOPLIST_KEY_NSSupportsLiveActivities = YES;
				INFOPLIST_KEY_NSSupportsLiveActivitiesFrequentUpdates = YES;
				INFOPLIST_KEY_UIApplicationSceneManifest_Generation = YES;
				INFOPLIST_KEY_UIApplicationSupportsIndirectInputEvents = YES;
				INFOPLIST_KEY_UILaunchScreen_Generation = YES;
				INFOPLIST_KEY_UISupportedInterfaceOrientations = UIInterfaceOrientationPortrait;
				INFOPLIST_KEY_UISupportedInterfaceOrientations_iPad = "UIInterfaceOrientationLandscapeLeft UIInterfaceOrientationLandscapeRight UIInterfaceOrientationPortrait UIInterfaceOrientationPortraitUpsideDown";
				IPHONEOS_DEPLOYMENT_TARGET = 18;
				LD_RUNPATH_SEARCH_PATHS = (
					"$(inherited)",
					"@executable_path/Frameworks",
					"@loader_path/Frameworks",
				);
				MARKETING_VERSION = 3;
				OTHER_CFLAGS = (
					"-O3",
					"-DGGML_USE_ACCELERATE",
					"-DGGML_METAL_NDEBUG",
				);
				OTHER_CPLUSPLUSFLAGS = (
					"$(OTHER_CFLAGS)",
					"-std=c++17",
				);
				OTHER_LDFLAGS = "\"-ObjC \"";
				PRODUCT_BUNDLE_IDENTIFIER = arminproducts.Noema;
				PRODUCT_NAME = Noema;
				PROVISIONING_PROFILE_SPECIFIER = "";
				SUPPORTED_PLATFORMS = "iphoneos iphonesimulator";
				SUPPORTS_MACCATALYST = NO;
				SUPPORTS_MAC_DESIGNED_FOR_IPHONE_IPAD = NO;
				SUPPORTS_XR_DESIGNED_FOR_IPHONE_IPAD = NO;
				SWIFT_EMIT_LOC_STRINGS = YES;
				SWIFT_OBJC_BRIDGING_HEADER = "Noema/Noema-Bridging.h";
				SWIFT_OBJC_INTEROP_MODE = objcxx;
				SWIFT_VERSION = 6.0;
				TARGETED_DEVICE_FAMILY = "1,2";
				XROS_DEPLOYMENT_TARGET = 26.0;
			};
			name = Release;
		};
		642CDB5F2E231968009017C6 /* Debug */ = {
			isa = XCBuildConfiguration;
			buildSettings = {
				BUNDLE_LOADER = "$(TEST_HOST)";
				CODE_SIGN_STYLE = Automatic;
				CURRENT_PROJECT_VERSION = 9;
				GENERATE_INFOPLIST_FILE = YES;
				IPHONEOS_DEPLOYMENT_TARGET = 18.0;
				MARKETING_VERSION = 1.0;
				PRODUCT_BUNDLE_IDENTIFIER = arminproducts.NoemaTests;
				PRODUCT_MODULE_NAME = NoemaTests;
				PRODUCT_NAME = "$(TARGET_NAME)";
				SWIFT_EMIT_LOC_STRINGS = NO;
				SWIFT_OBJC_INTEROP_MODE = objcxx;
				SWIFT_VERSION = 5.0;
				TARGETED_DEVICE_FAMILY = "1,2";
				TEST_HOST = "$(BUILT_PRODUCTS_DIR)/Noema.app/$(BUNDLE_EXECUTABLE_FOLDER_PATH)/Noema";
			};
			name = Debug;
		};
		642CDB602E231968009017C6 /* Release */ = {
			isa = XCBuildConfiguration;
			buildSettings = {
				BUNDLE_LOADER = "$(TEST_HOST)";
				CODE_SIGN_STYLE = Automatic;
				CURRENT_PROJECT_VERSION = 9;
				GENERATE_INFOPLIST_FILE = YES;
				IPHONEOS_DEPLOYMENT_TARGET = 18.0;
				MARKETING_VERSION = 1.0;
				PRODUCT_BUNDLE_IDENTIFIER = arminproducts.NoemaTests;
				PRODUCT_MODULE_NAME = NoemaTests;
				PRODUCT_NAME = "$(TARGET_NAME)";
				SWIFT_EMIT_LOC_STRINGS = NO;
				SWIFT_OBJC_INTEROP_MODE = objcxx;
				SWIFT_VERSION = 5.0;
				TARGETED_DEVICE_FAMILY = "1,2";
				TEST_HOST = "$(BUILT_PRODUCTS_DIR)/Noema.app/$(BUNDLE_EXECUTABLE_FOLDER_PATH)/Noema";
			};
			name = Release;
		};
		642CDB622E231968009017C6 /* Debug */ = {
			isa = XCBuildConfiguration;
			buildSettings = {
				CODE_SIGN_STYLE = Automatic;
				CURRENT_PROJECT_VERSION = 9;
				GENERATE_INFOPLIST_FILE = YES;
				MACOSX_DEPLOYMENT_TARGET = 26.0;
				MARKETING_VERSION = 1.0;
				PRODUCT_BUNDLE_IDENTIFIER = arminproducts.NoemaUITests;
				PRODUCT_MODULE_NAME = NoemaUITests;
				PRODUCT_NAME = "$(TARGET_NAME)";
				SUPPORTED_PLATFORMS = macosx;
				SWIFT_EMIT_LOC_STRINGS = NO;
				SWIFT_OBJC_INTEROP_MODE = objcxx;
				SWIFT_VERSION = 5.0;
				TEST_TARGET_NAME = NoemaMac;
			};
			name = Debug;
		};
		642CDB632E231968009017C6 /* Release */ = {
			isa = XCBuildConfiguration;
			buildSettings = {
				CODE_SIGN_STYLE = Automatic;
				CURRENT_PROJECT_VERSION = 9;
				GENERATE_INFOPLIST_FILE = YES;
				MACOSX_DEPLOYMENT_TARGET = 26.0;
				MARKETING_VERSION = 1.0;
				PRODUCT_BUNDLE_IDENTIFIER = arminproducts.NoemaUITests;
				PRODUCT_MODULE_NAME = NoemaUITests;
				PRODUCT_NAME = "$(TARGET_NAME)";
				SUPPORTED_PLATFORMS = macosx;
				SWIFT_EMIT_LOC_STRINGS = NO;
				SWIFT_OBJC_INTEROP_MODE = objcxx;
				SWIFT_VERSION = 5.0;
				TEST_TARGET_NAME = NoemaMac;
			};
			name = Release;
		};
		646E49F82E8EDF51004C5BD8 /* Debug */ = {
			isa = XCBuildConfiguration;
			buildSettings = {
				ASSETCATALOG_COMPILER_APPICON_NAME = AppIcon;
				ASSETCATALOG_COMPILER_GLOBAL_ACCENT_COLOR_NAME = AccentColor;
				ASSETCATALOG_COMPILER_INCLUDE_ALL_APPICON_ASSETS = YES;
				CLANG_ALLOW_NON_MODULAR_INCLUDES_IN_FRAMEWORK_MODULES = YES;
				CLANG_CXX_LANGUAGE_STANDARD = "c++17";
				CLANG_ENABLE_MODULES = YES;
				CODE_SIGN_ENTITLEMENTS = Noema/NoemaVisionOS.entitlements;
				CODE_SIGN_IDENTITY = "Apple Development";
				CODE_SIGN_STYLE = Automatic;
				CURRENT_PROJECT_VERSION = 9;
				DEVELOPMENT_TEAM = XX3Z6V9TU9;
				ENABLE_PREVIEWS = YES;
				ENABLE_USER_SCRIPT_SANDBOXING = NO;
				FRAMEWORK_SEARCH_PATHS = (
					"$(inherited)",
					"$(PROJECT_DIR)/Frameworks",
				);
				GCC_C_LANGUAGE_STANDARD = c23;
				GCC_PREPROCESSOR_DEFINITIONS = (
					"GGML_USE_ACCELERATE=1",
					"ACCELERATE_NEW_LAPACK=1",
					"ACCELERATE_LAPACK_ILP64=1",
					"GGML_VERSION=\"dev\"",
					"GGML_COMMIT=\"local\"",
				);
				GENERATE_INFOPLIST_FILE = YES;
				HEADER_SEARCH_PATHS = "$(inherited)";
				INFOPLIST_FILE = "Noema copy-Info.plist";
				INFOPLIST_KEY_CFBundleDisplayName = NoemaVisionOS;
				INFOPLIST_KEY_NSSupportsLiveActivities = YES;
				INFOPLIST_KEY_NSSupportsLiveActivitiesFrequentUpdates = YES;
				INFOPLIST_KEY_UIApplicationSceneManifest_Generation = YES;
				INFOPLIST_KEY_UIApplicationSupportsIndirectInputEvents = YES;
				INFOPLIST_KEY_UILaunchScreen_Generation = YES;
				INFOPLIST_KEY_UISupportedInterfaceOrientations = UIInterfaceOrientationPortrait;
				INFOPLIST_KEY_UISupportedInterfaceOrientations_iPad = "UIInterfaceOrientationLandscapeLeft UIInterfaceOrientationLandscapeRight UIInterfaceOrientationPortrait UIInterfaceOrientationPortraitUpsideDown";
				IPHONEOS_DEPLOYMENT_TARGET = 17.0;
				LD_RUNPATH_SEARCH_PATHS = (
					"$(inherited)",
					"@executable_path/Frameworks",
					"@loader_path/Frameworks",
				);
				MARKETING_VERSION = 3;
				OTHER_CFLAGS = (
					"-O3",
					"-DGGML_USE_ACCELERATE",
					"-DGGML_METAL_NDEBUG",
				);
				OTHER_CPLUSPLUSFLAGS = (
					"$(OTHER_CFLAGS)",
					"-std=c++17",
				);
				PRODUCT_BUNDLE_IDENTIFIER = arminproducts.Noema;
				PRODUCT_NAME = Noema;
				PROVISIONING_PROFILE_SPECIFIER = "";
				SUPPORTED_PLATFORMS = "xros xrsimulator";
				SUPPORTS_MACCATALYST = NO;
				SUPPORTS_MAC_DESIGNED_FOR_IPHONE_IPAD = NO;
				SUPPORTS_XR_DESIGNED_FOR_IPHONE_IPAD = NO;
				SWIFT_EMIT_LOC_STRINGS = YES;
				SWIFT_OBJC_BRIDGING_HEADER = "Noema/Noema-Bridging.h";
				SWIFT_OBJC_INTEROP_MODE = objcxx;
				SWIFT_OPTIMIZATION_LEVEL = "-Onone";
				SWIFT_VERSION = 6.0;
				TARGETED_DEVICE_FAMILY = 7;
				XROS_DEPLOYMENT_TARGET = 26.0;
			};
			name = Debug;
		};
		646E49F92E8EDF51004C5BD8 /* Release */ = {
			isa = XCBuildConfiguration;
			buildSettings = {
				ASSETCATALOG_COMPILER_APPICON_NAME = AppIcon;
				ASSETCATALOG_COMPILER_GLOBAL_ACCENT_COLOR_NAME = AccentColor;
				ASSETCATALOG_COMPILER_INCLUDE_ALL_APPICON_ASSETS = YES;
				CLANG_ALLOW_NON_MODULAR_INCLUDES_IN_FRAMEWORK_MODULES = YES;
				CLANG_CXX_LANGUAGE_STANDARD = "c++17";
				CLANG_CXX_STANDARD_LIBRARY_HARDENING = extensive;
				CLANG_ENABLE_MODULES = YES;
				CODE_SIGN_ENTITLEMENTS = Noema/NoemaVisionOS.entitlements;
				CODE_SIGN_IDENTITY = "Apple Development";
				CODE_SIGN_STYLE = Automatic;
				CURRENT_PROJECT_VERSION = 9;
				DEVELOPMENT_TEAM = XX3Z6V9TU9;
				ENABLE_PREVIEWS = YES;
				ENABLE_USER_SCRIPT_SANDBOXING = NO;
				FRAMEWORK_SEARCH_PATHS = (
					"$(inherited)",
					"$(PROJECT_DIR)/Frameworks",
				);
				GCC_C_LANGUAGE_STANDARD = c23;
				GCC_PREPROCESSOR_DEFINITIONS = (
					"GGML_USE_ACCELERATE=1",
					"ACCELERATE_NEW_LAPACK=1",
					"ACCELERATE_LAPACK_ILP64=1",
					"GGML_VERSION=\"dev\"",
					"GGML_COMMIT=\"local\"",
				);
				GENERATE_INFOPLIST_FILE = YES;
				HEADER_SEARCH_PATHS = "$(inherited)";
				INFOPLIST_FILE = "Noema copy-Info.plist";
				INFOPLIST_KEY_CFBundleDisplayName = NoemaVisionOS;
				INFOPLIST_KEY_NSSupportsLiveActivities = YES;
				INFOPLIST_KEY_NSSupportsLiveActivitiesFrequentUpdates = YES;
				INFOPLIST_KEY_UIApplicationSceneManifest_Generation = YES;
				INFOPLIST_KEY_UIApplicationSupportsIndirectInputEvents = YES;
				INFOPLIST_KEY_UILaunchScreen_Generation = YES;
				INFOPLIST_KEY_UISupportedInterfaceOrientations = UIInterfaceOrientationPortrait;
				INFOPLIST_KEY_UISupportedInterfaceOrientations_iPad = "UIInterfaceOrientationLandscapeLeft UIInterfaceOrientationLandscapeRight UIInterfaceOrientationPortrait UIInterfaceOrientationPortraitUpsideDown";
				IPHONEOS_DEPLOYMENT_TARGET = 17.0;
				LD_RUNPATH_SEARCH_PATHS = (
					"$(inherited)",
					"@executable_path/Frameworks",
					"@loader_path/Frameworks",
				);
				MARKETING_VERSION = 3;
				OTHER_CFLAGS = (
					"-O3",
					"-DGGML_USE_ACCELERATE",
					"-DGGML_METAL_NDEBUG",
				);
				OTHER_CPLUSPLUSFLAGS = (
					"$(OTHER_CFLAGS)",
					"-std=c++17",
				);
				PRODUCT_BUNDLE_IDENTIFIER = arminproducts.Noema;
				PRODUCT_NAME = "$(TARGET_NAME)";
				PROVISIONING_PROFILE_SPECIFIER = "";
				SUPPORTED_PLATFORMS = "xros xrsimulator";
				SUPPORTS_MACCATALYST = NO;
				SUPPORTS_MAC_DESIGNED_FOR_IPHONE_IPAD = NO;
				SUPPORTS_XR_DESIGNED_FOR_IPHONE_IPAD = NO;
				SWIFT_EMIT_LOC_STRINGS = YES;
				SWIFT_OBJC_BRIDGING_HEADER = "Noema/Noema-Bridging.h";
				SWIFT_OBJC_INTEROP_MODE = objcxx;
				SWIFT_VERSION = 6.0;
				TARGETED_DEVICE_FAMILY = 7;
				XROS_DEPLOYMENT_TARGET = 26.0;
			};
			name = Release;
		};
		647D61BD2E955AEA003DC7F3 /* Debug */ = {
			isa = XCBuildConfiguration;
			buildSettings = {
				ASSETCATALOG_COMPILER_APPICON_NAME = AppIcon;
				ASSETCATALOG_COMPILER_GLOBAL_ACCENT_COLOR_NAME = AccentColor;
				ASSETCATALOG_COMPILER_INCLUDE_ALL_APPICON_ASSETS = YES;
				AUTOMATION_APPLE_EVENTS = NO;
				CLANG_ALLOW_NON_MODULAR_INCLUDES_IN_FRAMEWORK_MODULES = YES;
				CLANG_CXX_LANGUAGE_STANDARD = "c++17";
				CLANG_ENABLE_MODULES = YES;
				CODE_SIGN_ENTITLEMENTS = Noema/RelayServer.entitlements;
				CODE_SIGN_IDENTITY = "Apple Development";
				CODE_SIGN_STYLE = Automatic;
				CURRENT_PROJECT_VERSION = 9;
				DEVELOPMENT_TEAM = XX3Z6V9TU9;
				ENABLE_APP_SANDBOX = YES;
				ENABLE_HARDENED_RUNTIME = YES;
				ENABLE_INCOMING_NETWORK_CONNECTIONS = YES;
				ENABLE_OUTGOING_NETWORK_CONNECTIONS = YES;
				ENABLE_PREVIEWS = YES;
				ENABLE_RESOURCE_ACCESS_AUDIO_INPUT = YES;
				ENABLE_RESOURCE_ACCESS_BLUETOOTH = YES;
				ENABLE_RESOURCE_ACCESS_CALENDARS = NO;
				ENABLE_RESOURCE_ACCESS_CAMERA = NO;
				ENABLE_RESOURCE_ACCESS_CONTACTS = NO;
				ENABLE_RESOURCE_ACCESS_LOCATION = NO;
				ENABLE_RESOURCE_ACCESS_PHOTO_LIBRARY = NO;
				ENABLE_RESOURCE_ACCESS_PRINTING = NO;
				ENABLE_RESOURCE_ACCESS_USB = NO;
				ENABLE_USER_SCRIPT_SANDBOXING = NO;
				ENABLE_USER_SELECTED_FILES = readwrite;
				FRAMEWORK_SEARCH_PATHS = (
					"$(inherited)",
					"$(PROJECT_DIR)/Frameworks",
				);
				GCC_C_LANGUAGE_STANDARD = c23;
				GCC_PREPROCESSOR_DEFINITIONS = (
					"GGML_USE_ACCELERATE=1",
					"ACCELERATE_NEW_LAPACK=1",
					"ACCELERATE_LAPACK_ILP64=1",
					"GGML_VERSION=\"dev\"",
					"GGML_COMMIT=\"local\"",
				);
				GENERATE_INFOPLIST_FILE = YES;
				HEADER_SEARCH_PATHS = "$(inherited)";
				INFOPLIST_FILE = "Noema copy2-Info.plist";
				INFOPLIST_KEY_CFBundleDisplayName = Noema;
				INFOPLIST_KEY_CFBundleName = Noema;
				INFOPLIST_KEY_NSSupportsLiveActivities = YES;
				INFOPLIST_KEY_NSSupportsLiveActivitiesFrequentUpdates = YES;
				INFOPLIST_KEY_UIApplicationSceneManifest_Generation = YES;
				INFOPLIST_KEY_UIApplicationSupportsIndirectInputEvents = YES;
				INFOPLIST_KEY_UILaunchScreen_Generation = YES;
				INFOPLIST_KEY_UISupportedInterfaceOrientations = UIInterfaceOrientationPortrait;
				INFOPLIST_KEY_UISupportedInterfaceOrientations_iPad = "UIInterfaceOrientationLandscapeLeft UIInterfaceOrientationLandscapeRight UIInterfaceOrientationPortrait UIInterfaceOrientationPortraitUpsideDown";
				IPHONEOS_DEPLOYMENT_TARGET = 17.0;
				LD_RUNPATH_SEARCH_PATHS = (
					"$(inherited)",
					"@executable_path/../Frameworks",
					"@loader_path/../Frameworks",
				);
				MACOSX_DEPLOYMENT_TARGET = 26.0;
				MARKETING_VERSION = 3;
				OTHER_CFLAGS = (
					"-O3",
					"-DGGML_USE_ACCELERATE",
					"-DGGML_METAL_NDEBUG",
				);
				OTHER_CPLUSPLUSFLAGS = (
					"$(OTHER_CFLAGS)",
					"-std=c++17",
				);
				OTHER_LDFLAGS = "\"-ObjC \"";
				PRODUCT_BUNDLE_IDENTIFIER = arminproducts.Noema;
				PRODUCT_NAME = Noema;
				PROVISIONING_PROFILE_SPECIFIER = "";
				REGISTER_APP_GROUPS = YES;
				RUNTIME_EXCEPTION_ALLOW_DYLD_ENVIRONMENT_VARIABLES = NO;
				RUNTIME_EXCEPTION_ALLOW_JIT = YES;
				RUNTIME_EXCEPTION_ALLOW_UNSIGNED_EXECUTABLE_MEMORY = NO;
				RUNTIME_EXCEPTION_DEBUGGING_TOOL = NO;
				RUNTIME_EXCEPTION_DISABLE_EXECUTABLE_PAGE_PROTECTION = NO;
				RUNTIME_EXCEPTION_DISABLE_LIBRARY_VALIDATION = YES;
				SUPPORTED_PLATFORMS = macosx;
				SUPPORTS_MACCATALYST = NO;
				SUPPORTS_MAC_DESIGNED_FOR_IPHONE_IPAD = NO;
				SUPPORTS_XR_DESIGNED_FOR_IPHONE_IPAD = NO;
				SWIFT_EMIT_LOC_STRINGS = YES;
				SWIFT_OBJC_BRIDGING_HEADER = "Noema/Noema-Bridging.h";
				SWIFT_OBJC_INTEROP_MODE = objcxx;
				SWIFT_OPTIMIZATION_LEVEL = "-Onone";
				SWIFT_VERSION = 6.0;
				XROS_DEPLOYMENT_TARGET = 26.0;
			};
			name = Debug;
		};
		647D61BE2E955AEA003DC7F3 /* Release */ = {
			isa = XCBuildConfiguration;
			buildSettings = {
				ASSETCATALOG_COMPILER_APPICON_NAME = AppIcon;
				ASSETCATALOG_COMPILER_GLOBAL_ACCENT_COLOR_NAME = AccentColor;
				ASSETCATALOG_COMPILER_INCLUDE_ALL_APPICON_ASSETS = YES;
				CLANG_ALLOW_NON_MODULAR_INCLUDES_IN_FRAMEWORK_MODULES = YES;
				CLANG_CXX_LANGUAGE_STANDARD = "c++17";
				CLANG_CXX_STANDARD_LIBRARY_HARDENING = extensive;
				CLANG_ENABLE_MODULES = YES;
				CODE_SIGN_ENTITLEMENTS = Noema/RelayServer.entitlements;
				CODE_SIGN_IDENTITY = "Apple Development";
				CODE_SIGN_STYLE = Automatic;
				CURRENT_PROJECT_VERSION = 9;
				DEVELOPMENT_TEAM = XX3Z6V9TU9;
				ENABLE_PREVIEWS = YES;
				ENABLE_RESOURCE_ACCESS_AUDIO_INPUT = YES;
				ENABLE_USER_SCRIPT_SANDBOXING = NO;
				FRAMEWORK_SEARCH_PATHS = (
					"$(inherited)",
					"$(PROJECT_DIR)/Frameworks",
				);
				GCC_C_LANGUAGE_STANDARD = c23;
				GCC_PREPROCESSOR_DEFINITIONS = (
					"GGML_USE_ACCELERATE=1",
					"ACCELERATE_NEW_LAPACK=1",
					"ACCELERATE_LAPACK_ILP64=1",
					"GGML_VERSION=\"dev\"",
					"GGML_COMMIT=\"local\"",
				);
				GENERATE_INFOPLIST_FILE = YES;
				HEADER_SEARCH_PATHS = "$(inherited)";
				INFOPLIST_FILE = "Noema copy2-Info.plist";
				INFOPLIST_KEY_CFBundleDisplayName = Noema;
				INFOPLIST_KEY_CFBundleName = Noema;
				INFOPLIST_KEY_NSSupportsLiveActivities = YES;
				INFOPLIST_KEY_NSSupportsLiveActivitiesFrequentUpdates = YES;
				INFOPLIST_KEY_UIApplicationSceneManifest_Generation = YES;
				INFOPLIST_KEY_UIApplicationSupportsIndirectInputEvents = YES;
				INFOPLIST_KEY_UILaunchScreen_Generation = YES;
				INFOPLIST_KEY_UISupportedInterfaceOrientations = UIInterfaceOrientationPortrait;
				INFOPLIST_KEY_UISupportedInterfaceOrientations_iPad = "UIInterfaceOrientationLandscapeLeft UIInterfaceOrientationLandscapeRight UIInterfaceOrientationPortrait UIInterfaceOrientationPortraitUpsideDown";
				IPHONEOS_DEPLOYMENT_TARGET = 17.0;
				LD_RUNPATH_SEARCH_PATHS = (
					"$(inherited)",
					"@executable_path/../Frameworks",
					"@loader_path/../Frameworks",
				);
				MACOSX_DEPLOYMENT_TARGET = 26.0;
				MARKETING_VERSION = 3;
				OTHER_CFLAGS = (
					"-O3",
					"-DGGML_USE_ACCELERATE",
					"-DGGML_METAL_NDEBUG",
				);
				OTHER_CPLUSPLUSFLAGS = (
					"$(OTHER_CFLAGS)",
					"-std=c++17",
				);
				OTHER_LDFLAGS = "\"-ObjC \"";
				PRODUCT_BUNDLE_IDENTIFIER = arminproducts.Noema;
				PRODUCT_NAME = Noema;
				PROVISIONING_PROFILE_SPECIFIER = "";
				SUPPORTED_PLATFORMS = macosx;
				SUPPORTS_MACCATALYST = NO;
				SUPPORTS_MAC_DESIGNED_FOR_IPHONE_IPAD = NO;
				SUPPORTS_XR_DESIGNED_FOR_IPHONE_IPAD = NO;
				SWIFT_EMIT_LOC_STRINGS = YES;
				SWIFT_OBJC_BRIDGING_HEADER = "Noema/Noema-Bridging.h";
				SWIFT_OBJC_INTEROP_MODE = objcxx;
				SWIFT_VERSION = 6.0;
				XROS_DEPLOYMENT_TARGET = 26.0;
			};
			name = Release;
		};
		64EA10092F42000000000009 /* Debug */ = {
			isa = XCBuildConfiguration;
			buildSettings = {
				ASSETCATALOG_COMPILER_GLOBAL_ACCENT_COLOR_NAME = AccentColor;
				ASSETCATALOG_COMPILER_WIDGET_BACKGROUND_COLOR_NAME = WidgetBackground;
				CODE_SIGN_STYLE = Automatic;
				CURRENT_PROJECT_VERSION = 9;
				DEVELOPMENT_TEAM = XX3Z6V9TU9;
				ENABLE_USER_SCRIPT_SANDBOXING = NO;
				GENERATE_INFOPLIST_FILE = YES;
				INFOPLIST_FILE = NoemaEmbeddingActivity/Info.plist;
				INFOPLIST_KEY_CFBundleDisplayName = "Noema Embedding";
				INFOPLIST_KEY_NSHumanReadableCopyright = "";
				IPHONEOS_DEPLOYMENT_TARGET = 18.0;
				LD_RUNPATH_SEARCH_PATHS = (
					"$(inherited)",
					"@executable_path/Frameworks",
					"@executable_path/../../Frameworks",
				);
				MARKETING_VERSION = 2.3;
				PRODUCT_BUNDLE_IDENTIFIER = arminproducts.Noema.NoemaEmbeddingActivity;
				PRODUCT_NAME = "$(TARGET_NAME)";
				SDKROOT = iphoneos;
				SKIP_INSTALL = YES;
				SUPPORTED_PLATFORMS = "iphoneos iphonesimulator";
				SWIFT_EMIT_LOC_STRINGS = YES;
				SWIFT_OPTIMIZATION_LEVEL = "-Onone";
				SWIFT_VERSION = 6.0;
				TARGETED_DEVICE_FAMILY = "1,2";
			};
			name = Debug;
		};
		64EA100A2F4200000000000A /* Release */ = {
			isa = XCBuildConfiguration;
			buildSettings = {
				ASSETCATALOG_COMPILER_GLOBAL_ACCENT_COLOR_NAME = AccentColor;
				ASSETCATALOG_COMPILER_WIDGET_BACKGROUND_COLOR_NAME = WidgetBackground;
				CODE_SIGN_STYLE = Automatic;
				CURRENT_PROJECT_VERSION = 9;
				DEVELOPMENT_TEAM = XX3Z6V9TU9;
				ENABLE_USER_SCRIPT_SANDBOXING = NO;
				GENERATE_INFOPLIST_FILE = YES;
				INFOPLIST_FILE = NoemaEmbeddingActivity/Info.plist;
				INFOPLIST_KEY_CFBundleDisplayName = "Noema Embedding";
				INFOPLIST_KEY_NSHumanReadableCopyright = "";
				IPHONEOS_DEPLOYMENT_TARGET = 18.0;
				LD_RUNPATH_SEARCH_PATHS = (
					"$(inherited)",
					"@executable_path/Frameworks",
					"@executable_path/../../Frameworks",
				);
				MARKETING_VERSION = 2.3;
				PRODUCT_BUNDLE_IDENTIFIER = arminproducts.Noema.NoemaEmbeddingActivity;
				PRODUCT_NAME = "$(TARGET_NAME)";
				SDKROOT = iphoneos;
				SKIP_INSTALL = YES;
				SUPPORTED_PLATFORMS = "iphoneos iphonesimulator";
				SWIFT_EMIT_LOC_STRINGS = YES;
				SWIFT_VERSION = 6.0;
				TARGETED_DEVICE_FAMILY = "1,2";
			};
			name = Release;
		};
		A20000012F41000100000009 /* Debug */ = {
			isa = XCBuildConfiguration;
			buildSettings = {
				CODE_SIGN_STYLE = Automatic;
				CURRENT_PROJECT_VERSION = 9;
				GENERATE_INFOPLIST_FILE = YES;
				IPHONEOS_DEPLOYMENT_TARGET = 18.0;
				MARKETING_VERSION = 1.0;
				PRODUCT_BUNDLE_IDENTIFIER = arminproducts.NoemaiOSUITests;
				PRODUCT_MODULE_NAME = NoemaiOSUITests;
				PRODUCT_NAME = "$(TARGET_NAME)";
				SUPPORTED_PLATFORMS = "iphoneos iphonesimulator";
				SWIFT_EMIT_LOC_STRINGS = NO;
				SWIFT_OBJC_INTEROP_MODE = objcxx;
				SWIFT_VERSION = 5.0;
				TARGETED_DEVICE_FAMILY = "1,2";
				TEST_TARGET_NAME = Noema;
			};
			name = Debug;
		};
		A20000012F4100010000000A /* Release */ = {
			isa = XCBuildConfiguration;
			buildSettings = {
				CODE_SIGN_STYLE = Automatic;
				CURRENT_PROJECT_VERSION = 9;
				GENERATE_INFOPLIST_FILE = YES;
				IPHONEOS_DEPLOYMENT_TARGET = 18.0;
				MARKETING_VERSION = 1.0;
				PRODUCT_BUNDLE_IDENTIFIER = arminproducts.NoemaiOSUITests;
				PRODUCT_MODULE_NAME = NoemaiOSUITests;
				PRODUCT_NAME = "$(TARGET_NAME)";
				SUPPORTED_PLATFORMS = "iphoneos iphonesimulator";
				SWIFT_EMIT_LOC_STRINGS = NO;
				SWIFT_OBJC_INTEROP_MODE = objcxx;
				SWIFT_VERSION = 5.0;
				TARGETED_DEVICE_FAMILY = "1,2";
				TEST_TARGET_NAME = Noema;
			};
			name = Release;
		};
/* End XCBuildConfiguration section */

/* Begin XCConfigurationList section */
		642CDB302E231965009017C6 /* Build configuration list for PBXProject "Noema" */ = {
			isa = XCConfigurationList;
			buildConfigurations = (
				642CDB592E231968009017C6 /* Debug */,
				642CDB5A2E231968009017C6 /* Release */,
			);
			defaultConfigurationIsVisible = 0;
			defaultConfigurationName = Release;
		};
		642CDB5B2E231968009017C6 /* Build configuration list for PBXNativeTarget "Noema" */ = {
			isa = XCConfigurationList;
			buildConfigurations = (
				642CDB5C2E231968009017C6 /* Debug */,
				642CDB5D2E231968009017C6 /* Release */,
			);
			defaultConfigurationIsVisible = 0;
			defaultConfigurationName = Release;
		};
		642CDB5E2E231968009017C6 /* Build configuration list for PBXNativeTarget "NoemaTests" */ = {
			isa = XCConfigurationList;
			buildConfigurations = (
				642CDB5F2E231968009017C6 /* Debug */,
				642CDB602E231968009017C6 /* Release */,
			);
			defaultConfigurationIsVisible = 0;
			defaultConfigurationName = Release;
		};
		642CDB612E231968009017C6 /* Build configuration list for PBXNativeTarget "NoemaUITests" */ = {
			isa = XCConfigurationList;
			buildConfigurations = (
				642CDB622E231968009017C6 /* Debug */,
				642CDB632E231968009017C6 /* Release */,
			);
			defaultConfigurationIsVisible = 0;
			defaultConfigurationName = Release;
		};
		646E49F72E8EDF51004C5BD8 /* Build configuration list for PBXNativeTarget "NoemaVisionOS" */ = {
			isa = XCConfigurationList;
			buildConfigurations = (
				646E49F82E8EDF51004C5BD8 /* Debug */,
				646E49F92E8EDF51004C5BD8 /* Release */,
			);
			defaultConfigurationIsVisible = 0;
			defaultConfigurationName = Release;
		};
		647D61BC2E955AEA003DC7F3 /* Build configuration list for PBXNativeTarget "NoemaMac" */ = {
			isa = XCConfigurationList;
			buildConfigurations = (
				647D61BD2E955AEA003DC7F3 /* Debug */,
				647D61BE2E955AEA003DC7F3 /* Release */,
			);
			defaultConfigurationIsVisible = 0;
			defaultConfigurationName = Release;
		};
		64EA100B2F4200000000000B /* Build configuration list for PBXNativeTarget "NoemaEmbeddingActivity" */ = {
			isa = XCConfigurationList;
			buildConfigurations = (
				64EA10092F42000000000009 /* Debug */,
				64EA100A2F4200000000000A /* Release */,
			);
			defaultConfigurationIsVisible = 0;
			defaultConfigurationName = Release;
		};
		A20000012F4100010000000B /* Build configuration list for PBXNativeTarget "NoemaiOSUITests" */ = {
			isa = XCConfigurationList;
			buildConfigurations = (
				A20000012F41000100000009 /* Debug */,
				A20000012F4100010000000A /* Release */,
			);
			defaultConfigurationIsVisible = 0;
			defaultConfigurationName = Release;
		};
/* End XCConfigurationList section */

/* Begin XCLocalSwiftPackageReference section */
		2FB3F4F8C56943ACAEC3C135 /* XCLocalSwiftPackageReference "." */ = {
			isa = XCLocalSwiftPackageReference;
			relativePath = .;
		};
		640890FE2F9AD40000BCB53E /* XCLocalSwiftPackageReference "External/NoemaWhisperBinary" */ = {
			isa = XCLocalSwiftPackageReference;
			relativePath = External/NoemaWhisperBinary;
		};
		646E49D52E8EDF51004C5BD8 /* XCLocalSwiftPackageReference "." */ = {
			isa = XCLocalSwiftPackageReference;
			relativePath = .;
		};
		647D61972E955AEA003DC7F3 /* XCLocalSwiftPackageReference "." */ = {
			isa = XCLocalSwiftPackageReference;
			relativePath = .;
		};
		64E1C0032FA0000000000001 /* XCLocalSwiftPackageReference "External/coreai-models" */ = {
			isa = XCLocalSwiftPackageReference;
			relativePath = "External/coreai-models";
		};
/* End XCLocalSwiftPackageReference section */

/* Begin XCRemoteSwiftPackageReference section */
		53802217708316E36FDFDC47 /* XCRemoteSwiftPackageReference "mlx-swift-lm" */ = {
			isa = XCRemoteSwiftPackageReference;
			repositoryURL = "https://github.com/ml-explore/mlx-swift-lm.git";
			requirement = {
				branch = main;
				kind = branch;
			};
		};
		640890ED2F9AC8C400BCB53E /* XCRemoteSwiftPackageReference "WhisperKit" */ = {
			isa = XCRemoteSwiftPackageReference;
			repositoryURL = "https://github.com/argmaxinc/WhisperKit";
			requirement = {
				branch = main;
				kind = branch;
			};
		};
		64431EB92E5E2F5E00BD5E8C /* XCRemoteSwiftPackageReference "SwiftMath" */ = {
			isa = XCRemoteSwiftPackageReference;
			repositoryURL = "https://github.com/mgriebling/SwiftMath.git";
			requirement = {
				branch = main;
				kind = branch;
			};
		};
		646E49CD2E8EDF51004C5BD8 /* XCRemoteSwiftPackageReference "mlx-swift" */ = {
			isa = XCRemoteSwiftPackageReference;
			repositoryURL = "https://github.com/ml-explore/mlx-swift.git";
			requirement = {
				branch = main;
				kind = branch;
			};
		};
		646E49DC2E8EDF51004C5BD8 /* XCRemoteSwiftPackageReference "SwiftMath" */ = {
			isa = XCRemoteSwiftPackageReference;
			repositoryURL = "https://github.com/mgriebling/SwiftMath.git";
			requirement = {
				branch = main;
				kind = branch;
			};
		};
		647D618F2E955AEA003DC7F3 /* XCRemoteSwiftPackageReference "mlx-swift" */ = {
			isa = XCRemoteSwiftPackageReference;
			repositoryURL = "https://github.com/ml-explore/mlx-swift.git";
			requirement = {
				branch = main;
				kind = branch;
			};
		};
		647D619E2E955AEA003DC7F3 /* XCRemoteSwiftPackageReference "SwiftMath" */ = {
			isa = XCRemoteSwiftPackageReference;
			repositoryURL = "https://github.com/mgriebling/SwiftMath.git";
			requirement = {
				branch = main;
				kind = branch;
			};
		};
		6A5D1F012F35A00000A10001 /* XCRemoteSwiftPackageReference "swift-transformers" */ = {
			isa = XCRemoteSwiftPackageReference;
			repositoryURL = "https://github.com/huggingface/swift-transformers";
			requirement = {
				kind = upToNextMajorVersion;
				minimumVersion = 1.1.0;
			};
		};
/* End XCRemoteSwiftPackageReference section */

/* Begin XCSwiftPackageProductDependency section */
		035AB236448800F41072CFF7 /* MLXLMCommon */ = {
			isa = XCSwiftPackageProductDependency;
			package = 53802217708316E36FDFDC47 /* XCRemoteSwiftPackageReference "mlx-swift-lm" */;
			productName = MLXLMCommon;
		};
		06EF816A0080BF19C8D0E0E4 /* MLXLLM */ = {
			isa = XCSwiftPackageProductDependency;
			package = 53802217708316E36FDFDC47 /* XCRemoteSwiftPackageReference "mlx-swift-lm" */;
			productName = MLXLLM;
		};
		096DFC38282AE7CC1CBC47D0 /* MLXLLM */ = {
			isa = XCSwiftPackageProductDependency;
			package = 53802217708316E36FDFDC47 /* XCRemoteSwiftPackageReference "mlx-swift-lm" */;
			productName = MLXLLM;
		};
		21FF187598A740D3901EFE90 /* NoemaPackages */ = {
			isa = XCSwiftPackageProductDependency;
			package = 2FB3F4F8C56943ACAEC3C135 /* XCLocalSwiftPackageReference "." */;
			productName = NoemaPackages;
		};
		417AB310C4DB5F8DFE71956C /* MLXVLM */ = {
			isa = XCSwiftPackageProductDependency;
			package = 53802217708316E36FDFDC47 /* XCRemoteSwiftPackageReference "mlx-swift-lm" */;
			productName = MLXVLM;
		};
		640890F42F9AC8C400BCB53E /* WhisperKit */ = {
			isa = XCSwiftPackageProductDependency;
			package = 640890ED2F9AC8C400BCB53E /* XCRemoteSwiftPackageReference "WhisperKit" */;
			productName = WhisperKit;
		};
		640890FF2F9AD40000BCB53E /* whisper */ = {
			isa = XCSwiftPackageProductDependency;
			package = 640890FE2F9AD40000BCB53E /* XCLocalSwiftPackageReference "External/NoemaWhisperBinary" */;
			productName = whisper;
		};
		64431EBA2E5E2F5E00BD5E8C /* SwiftMath */ = {
			isa = XCSwiftPackageProductDependency;
			package = 64431EB92E5E2F5E00BD5E8C /* XCRemoteSwiftPackageReference "SwiftMath" */;
			productName = SwiftMath;
		};
		646E49CC2E8EDF51004C5BD8 /* MLX */ = {
			isa = XCSwiftPackageProductDependency;
			package = 646E49CD2E8EDF51004C5BD8 /* XCRemoteSwiftPackageReference "mlx-swift" */;
			productName = MLX;
		};
		646E49CE2E8EDF51004C5BD8 /* MLXFFT */ = {
			isa = XCSwiftPackageProductDependency;
			package = 646E49CD2E8EDF51004C5BD8 /* XCRemoteSwiftPackageReference "mlx-swift" */;
			productName = MLXFFT;
		};
		646E49CF2E8EDF51004C5BD8 /* MLXFast */ = {
			isa = XCSwiftPackageProductDependency;
			package = 646E49CD2E8EDF51004C5BD8 /* XCRemoteSwiftPackageReference "mlx-swift" */;
			productName = MLXFast;
		};
		646E49D02E8EDF51004C5BD8 /* MLXLinalg */ = {
			isa = XCSwiftPackageProductDependency;
			package = 646E49CD2E8EDF51004C5BD8 /* XCRemoteSwiftPackageReference "mlx-swift" */;
			productName = MLXLinalg;
		};
		646E49D12E8EDF51004C5BD8 /* MLXNN */ = {
			isa = XCSwiftPackageProductDependency;
			package = 646E49CD2E8EDF51004C5BD8 /* XCRemoteSwiftPackageReference "mlx-swift" */;
			productName = MLXNN;
		};
		646E49D22E8EDF51004C5BD8 /* MLXOptimizers */ = {
			isa = XCSwiftPackageProductDependency;
			package = 646E49CD2E8EDF51004C5BD8 /* XCRemoteSwiftPackageReference "mlx-swift" */;
			productName = MLXOptimizers;
		};
		646E49D32E8EDF51004C5BD8 /* MLXRandom */ = {
			isa = XCSwiftPackageProductDependency;
			package = 646E49CD2E8EDF51004C5BD8 /* XCRemoteSwiftPackageReference "mlx-swift" */;
			productName = MLXRandom;
		};
		646E49D42E8EDF51004C5BD8 /* NoemaPackages */ = {
			isa = XCSwiftPackageProductDependency;
			package = 646E49D52E8EDF51004C5BD8 /* XCLocalSwiftPackageReference "." */;
			productName = NoemaPackages;
		};
		646E49DB2E8EDF51004C5BD8 /* SwiftMath */ = {
			isa = XCSwiftPackageProductDependency;
			package = 646E49DC2E8EDF51004C5BD8 /* XCRemoteSwiftPackageReference "SwiftMath" */;
			productName = SwiftMath;
		};
		647D618E2E955AEA003DC7F3 /* MLX */ = {
			isa = XCSwiftPackageProductDependency;
			package = 647D618F2E955AEA003DC7F3 /* XCRemoteSwiftPackageReference "mlx-swift" */;
			productName = MLX;
		};
		647D61902E955AEA003DC7F3 /* MLXFFT */ = {
			isa = XCSwiftPackageProductDependency;
			package = 647D618F2E955AEA003DC7F3 /* XCRemoteSwiftPackageReference "mlx-swift" */;
			productName = MLXFFT;
		};
		647D61912E955AEA003DC7F3 /* MLXFast */ = {
			isa = XCSwiftPackageProductDependency;
			package = 647D618F2E955AEA003DC7F3 /* XCRemoteSwiftPackageReference "mlx-swift" */;
			productName = MLXFast;
		};
		647D61922E955AEA003DC7F3 /* MLXLinalg */ = {
			isa = XCSwiftPackageProductDependency;
			package = 647D618F2E955AEA003DC7F3 /* XCRemoteSwiftPackageReference "mlx-swift" */;
			productName = MLXLinalg;
		};
		647D61932E955AEA003DC7F3 /* MLXNN */ = {
			isa = XCSwiftPackageProductDependency;
			package = 647D618F2E955AEA003DC7F3 /* XCRemoteSwiftPackageReference "mlx-swift" */;
			productName = MLXNN;
		};
		647D61942E955AEA003DC7F3 /* MLXOptimizers */ = {
			isa = XCSwiftPackageProductDependency;
			package = 647D618F2E955AEA003DC7F3 /* XCRemoteSwiftPackageReference "mlx-swift" */;
			productName = MLXOptimizers;
		};
		647D61952E955AEA003DC7F3 /* MLXRandom */ = {
			isa = XCSwiftPackageProductDependency;
			package = 647D618F2E955AEA003DC7F3 /* XCRemoteSwiftPackageReference "mlx-swift" */;
			productName = MLXRandom;
		};
		647D61962E955AEA003DC7F3 /* NoemaPackages */ = {
			isa = XCSwiftPackageProductDependency;
			package = 647D61972E955AEA003DC7F3 /* XCLocalSwiftPackageReference "." */;
			productName = NoemaPackages;
		};
		647D619D2E955AEA003DC7F3 /* SwiftMath */ = {
			isa = XCSwiftPackageProductDependency;
			package = 647D619E2E955AEA003DC7F3 /* XCRemoteSwiftPackageReference "SwiftMath" */;
			productName = SwiftMath;
		};
		64E1C0022FA0000000000001 /* CoreAILM */ = {
			isa = XCSwiftPackageProductDependency;
			package = 64E1C0032FA0000000000001 /* XCLocalSwiftPackageReference "External/coreai-models" */;
			productName = CoreAILM;
		};
		64F1A0B82F00000000000000 /* RelayKit */ = {
			isa = XCSwiftPackageProductDependency;
			package = 2FB3F4F8C56943ACAEC3C135 /* XCLocalSwiftPackageReference "." */;
			productName = RelayKit;
		};
		6A5D1F022F35A00000A10001 /* Tokenizers */ = {
			isa = XCSwiftPackageProductDependency;
			package = 6A5D1F012F35A00000A10001 /* XCRemoteSwiftPackageReference "swift-transformers" */;
			productName = Tokenizers;
		};
		6A5D1F032F35A00000A10001 /* Transformers */ = {
			isa = XCSwiftPackageProductDependency;
			package = 6A5D1F012F35A00000A10001 /* XCRemoteSwiftPackageReference "swift-transformers" */;
			productName = Transformers;
		};
		6A5D1F042F35A00000A10001 /* Tokenizers */ = {
			isa = XCSwiftPackageProductDependency;
			package = 6A5D1F012F35A00000A10001 /* XCRemoteSwiftPackageReference "swift-transformers" */;
			productName = Tokenizers;
		};
		6A5D1F052F35A00000A10001 /* Transformers */ = {
			isa = XCSwiftPackageProductDependency;
			package = 6A5D1F012F35A00000A10001 /* XCRemoteSwiftPackageReference "swift-transformers" */;
			productName = Transformers;
		};
		89508E8A4241F3F06F767D32 /* MLXLMCommon */ = {
			isa = XCSwiftPackageProductDependency;
			package = 53802217708316E36FDFDC47 /* XCRemoteSwiftPackageReference "mlx-swift-lm" */;
			productName = MLXLMCommon;
		};
		9671064702E2AE64A359AADF /* MLXVLM */ = {
			isa = XCSwiftPackageProductDependency;
			package = 53802217708316E36FDFDC47 /* XCRemoteSwiftPackageReference "mlx-swift-lm" */;
			productName = MLXVLM;
		};
		A75FE0F413B83C5653A358FA /* MLXLMCommon */ = {
			isa = XCSwiftPackageProductDependency;
			package = 53802217708316E36FDFDC47 /* XCRemoteSwiftPackageReference "mlx-swift-lm" */;
			productName = MLXLMCommon;
		};
		B6CF4E9B49381B893090A7F0 /* MLXLLM */ = {
			isa = XCSwiftPackageProductDependency;
			package = 53802217708316E36FDFDC47 /* XCRemoteSwiftPackageReference "mlx-swift-lm" */;
			productName = MLXLLM;
		};
		F0F32833168AC421BAFF1301 /* MLXVLM */ = {
			isa = XCSwiftPackageProductDependency;
			package = 53802217708316E36FDFDC47 /* XCRemoteSwiftPackageReference "mlx-swift-lm" */;
			productName = MLXVLM;
		};
/* End XCSwiftPackageProductDependency section */
	};
	rootObject = 642CDB2D2E231965009017C6 /* Project object */;
}
